// !$*UTF8*$!
{
	archiveVersion = 1;
	classes = {
	};
	objectVersion = 46;
	objects = {

/* Begin PBXBuildFile section */
		8B16A8771BCBF3E9006DAAA7 /* PTNImageResizerSpec.mm in Sources */ = {isa = PBXBuildFile; fileRef = 8B16A8761BCBF3E9006DAAA7 /* PTNImageResizerSpec.mm */; settings = {ASSET_TAGS = (); }; };
		8B16A8A31BCBFB33006DAAA7 /* NSErrorCodes+Photons.h in Headers */ = {isa = PBXBuildFile; fileRef = 8B16A8A21BCBF6E5006DAAA7 /* NSErrorCodes+Photons.h */; settings = {ASSET_TAGS = (); }; };
		8B16A8A41BCBFBFA006DAAA7 /* libLTKit.a in Frameworks */ = {isa = PBXBuildFile; fileRef = 8B16A88D1BCBF59A006DAAA7 /* libLTKit.a */; };
		8B16A8A61BCBFCA8006DAAA7 /* libc++.tbd in Frameworks */ = {isa = PBXBuildFile; fileRef = 8B16A8A51BCBFCA8006DAAA7 /* libc++.tbd */; };
		8B2FD0971B04D62B00757B1F /* PTNPhotoKitObserverSpec.m in Sources */ = {isa = PBXBuildFile; fileRef = 8B2FD0961B04D62B00757B1F /* PTNPhotoKitObserverSpec.m */; };
		8B2FD0D01B09CD0800757B1F /* EXPExpect+LLReactiveMatchersExtensions.m in Sources */ = {isa = PBXBuildFile; fileRef = 8B2FD0AD1B09CD0800757B1F /* EXPExpect+LLReactiveMatchersExtensions.m */; };
		8B2FD0D11B09CD0800757B1F /* LLSignalTestRecorder.m in Sources */ = {isa = PBXBuildFile; fileRef = 8B2FD0AF1B09CD0800757B1F /* LLSignalTestRecorder.m */; };
		8B2FD0D21B09CD0800757B1F /* RACSignal+LLSubscriptionCounting.m in Sources */ = {isa = PBXBuildFile; fileRef = 8B2FD0B11B09CD0800757B1F /* RACSignal+LLSubscriptionCounting.m */; };
		8B2FD0D31B09CD0800757B1F /* LLReactiveMatchersHelpers.m in Sources */ = {isa = PBXBuildFile; fileRef = 8B2FD0B51B09CD0800757B1F /* LLReactiveMatchersHelpers.m */; };
		8B2FD0D41B09CD0800757B1F /* LLReactiveMatchersMessageBuilder.m in Sources */ = {isa = PBXBuildFile; fileRef = 8B2FD0B81B09CD0800757B1F /* LLReactiveMatchersMessageBuilder.m */; settings = {COMPILER_FLAGS = "-Wno-unused-parameter"; }; };
		8B2FD0D51B09CD0800757B1F /* EXPMatchers+beSubscribedTo.m in Sources */ = {isa = PBXBuildFile; fileRef = 8B2FD0BB1B09CD0800757B1F /* EXPMatchers+beSubscribedTo.m */; };
		8B2FD0D61B09CD0800757B1F /* EXPMatchers+complete.m in Sources */ = {isa = PBXBuildFile; fileRef = 8B2FD0BD1B09CD0800757B1F /* EXPMatchers+complete.m */; };
		8B2FD0D71B09CD0800757B1F /* EXPMatchers+error.m in Sources */ = {isa = PBXBuildFile; fileRef = 8B2FD0BF1B09CD0800757B1F /* EXPMatchers+error.m */; };
		8B2FD0D81B09CD0800757B1F /* EXPMatchers+finish.m in Sources */ = {isa = PBXBuildFile; fileRef = 8B2FD0C11B09CD0800757B1F /* EXPMatchers+finish.m */; };
		8B2FD0D91B09CD0800757B1F /* EXPMatchers+matchError.m in Sources */ = {isa = PBXBuildFile; fileRef = 8B2FD0C31B09CD0800757B1F /* EXPMatchers+matchError.m */; };
		8B2FD0DA1B09CD0800757B1F /* EXPMatchers+matchValue.m in Sources */ = {isa = PBXBuildFile; fileRef = 8B2FD0C51B09CD0800757B1F /* EXPMatchers+matchValue.m */; };
		8B2FD0DB1B09CD0800757B1F /* EXPMatchers+matchValues.m in Sources */ = {isa = PBXBuildFile; fileRef = 8B2FD0C71B09CD0800757B1F /* EXPMatchers+matchValues.m */; };
		8B2FD0DC1B09CD0800757B1F /* EXPMatchers+sendError.m in Sources */ = {isa = PBXBuildFile; fileRef = 8B2FD0C91B09CD0800757B1F /* EXPMatchers+sendError.m */; };
		8B2FD0DD1B09CD0800757B1F /* EXPMatchers+sendEvents.m in Sources */ = {isa = PBXBuildFile; fileRef = 8B2FD0CB1B09CD0800757B1F /* EXPMatchers+sendEvents.m */; };
		8B2FD0DE1B09CD0800757B1F /* EXPMatchers+sendValues.m in Sources */ = {isa = PBXBuildFile; fileRef = 8B2FD0CD1B09CD0800757B1F /* EXPMatchers+sendValues.m */; };
		8B2FD0DF1B09CD0800757B1F /* EXPMatchers+sendValuesWithCount.m in Sources */ = {isa = PBXBuildFile; fileRef = 8B2FD0CF1B09CD0800757B1F /* EXPMatchers+sendValuesWithCount.m */; };
		8B2FD0E41B09DDA700757B1F /* PTNPhotoKitAssetManagerSpec.m in Sources */ = {isa = PBXBuildFile; fileRef = 8B2FD0E31B09DDA700757B1F /* PTNPhotoKitAssetManagerSpec.m */; };
		8B2FD0EC1B0B494A00757B1F /* NSURL+PhotoKitSpec.m in Sources */ = {isa = PBXBuildFile; fileRef = 8B2FD0EB1B0B494A00757B1F /* NSURL+PhotoKitSpec.m */; };
		8B3832181B57D6FE00620560 /* PTNAlbumChangeset.h in Headers */ = {isa = PBXBuildFile; fileRef = 8B3832161B57D6FE00620560 /* PTNAlbumChangeset.h */; settings = {ATTRIBUTES = (Public, ); }; };
		8B3832191B57D6FE00620560 /* PTNAlbumChangeset.m in Sources */ = {isa = PBXBuildFile; fileRef = 8B3832171B57D6FE00620560 /* PTNAlbumChangeset.m */; };
		8B3832321B5B89BD00620560 /* PTNAlbumChangesetMove.h in Headers */ = {isa = PBXBuildFile; fileRef = 8B3832301B5B89BD00620560 /* PTNAlbumChangesetMove.h */; settings = {ATTRIBUTES = (Public, ); }; };
		8B3832331B5B89BD00620560 /* PTNAlbumChangesetMove.m in Sources */ = {isa = PBXBuildFile; fileRef = 8B3832311B5B89BD00620560 /* PTNAlbumChangesetMove.m */; };
		8B3832371B5B8FC200620560 /* PTNAlbumChangeset+PhotoKit.m in Sources */ = {isa = PBXBuildFile; fileRef = 8B3832351B5B8FC200620560 /* PTNAlbumChangeset+PhotoKit.m */; };
		8B56195A1B6508E6006B0DA0 /* PTNAlbumChangesetSpec.m in Sources */ = {isa = PBXBuildFile; fileRef = 8B5619591B6508E6006B0DA0 /* PTNAlbumChangesetSpec.m */; };
		8B56195C1B650A4A006B0DA0 /* PTNAlbumChangesetMoveSpec.m in Sources */ = {isa = PBXBuildFile; fileRef = 8B56195B1B650A4A006B0DA0 /* PTNAlbumChangesetMoveSpec.m */; };
		8B56195E1B65113F006B0DA0 /* PTNAlbumChangeset+PhotoKitSpec.m in Sources */ = {isa = PBXBuildFile; fileRef = 8B56195D1B65113F006B0DA0 /* PTNAlbumChangeset+PhotoKitSpec.m */; };
		8B56195F1B65151B006B0DA0 /* PTNAlbumChangeset+PhotoKit.h in Headers */ = {isa = PBXBuildFile; fileRef = 8B3832341B5B8FC200620560 /* PTNAlbumChangeset+PhotoKit.h */; };
		8B5619601B65151F006B0DA0 /* PTNImageFetchOptions+PhotoKit.h in Headers */ = {isa = PBXBuildFile; fileRef = 8BAFDC4D1B0DC6B9003FB8F5 /* PTNImageFetchOptions+PhotoKit.h */; };
		8B5619661B654227006B0DA0 /* RACStream+PhotonsSpec.m in Sources */ = {isa = PBXBuildFile; fileRef = 8B5619651B654227006B0DA0 /* RACStream+PhotonsSpec.m */; };
		8B5619681B654515006B0DA0 /* PTNProgressSpec.m in Sources */ = {isa = PBXBuildFile; fileRef = 8B5619671B654515006B0DA0 /* PTNProgressSpec.m */; };
		8B56196A1B66098B006B0DA0 /* PTNPhotoKitAlbumSpec.m in Sources */ = {isa = PBXBuildFile; fileRef = 8B5619691B66098B006B0DA0 /* PTNPhotoKitAlbumSpec.m */; };
		8B5619771B6612C3006B0DA0 /* PTNImageFetchOptionsSpec.m in Sources */ = {isa = PBXBuildFile; fileRef = 8B5619761B6612C3006B0DA0 /* PTNImageFetchOptionsSpec.m */; };
		8B5619901B661387006B0DA0 /* PTNImageFetchOptions+PhotoKitSpec.m in Sources */ = {isa = PBXBuildFile; fileRef = 8B56198F1B661387006B0DA0 /* PTNImageFetchOptions+PhotoKitSpec.m */; };
		8B5619971B664182006B0DA0 /* PTNPhotoKitFakeImageManager.m in Sources */ = {isa = PBXBuildFile; fileRef = 8B5619961B664182006B0DA0 /* PTNPhotoKitFakeImageManager.m */; };
		8B992CFF1B78A0EE00B7836B /* RACSignal+Photons.h in Headers */ = {isa = PBXBuildFile; fileRef = 8B992CFD1B78A0EE00B7836B /* RACSignal+Photons.h */; };
		8B992D001B78A0EE00B7836B /* RACSignal+Photons.m in Sources */ = {isa = PBXBuildFile; fileRef = 8B992CFE1B78A0EE00B7836B /* RACSignal+Photons.m */; };
		8B992D191B78A28700B7836B /* RACSignal+PhotonsSpec.m in Sources */ = {isa = PBXBuildFile; fileRef = 8B992D181B78A28700B7836B /* RACSignal+PhotonsSpec.m */; };
		8B992D281B78A9C200B7836B /* PTNPhotoKitImageManager.h in Headers */ = {isa = PBXBuildFile; fileRef = 8B5619941B663FAB006B0DA0 /* PTNPhotoKitImageManager.h */; settings = {ATTRIBUTES = (Public, ); }; };
		8BAB93511B7A0EF900B25392 /* PTNPhotoKitFakeObserver.m in Sources */ = {isa = PBXBuildFile; fileRef = 8BAB93501B7A0EF900B25392 /* PTNPhotoKitFakeObserver.m */; };
		8BAB95251B8234F600B25392 /* PTNImageResizer.h in Headers */ = {isa = PBXBuildFile; fileRef = 8BAB95231B8234F600B25392 /* PTNImageResizer.h */; settings = {ATTRIBUTES = (Public, ); }; };
		8BAB95261B8234F600B25392 /* PTNImageResizer.m in Sources */ = {isa = PBXBuildFile; fileRef = 8BAB95241B8234F600B25392 /* PTNImageResizer.m */; };
		8BAB95281B8239B400B25392 /* PTNImageContentMode.h in Headers */ = {isa = PBXBuildFile; fileRef = 8BAB95271B82361600B25392 /* PTNImageContentMode.h */; settings = {ATTRIBUTES = (Public, ); }; };
		8BAFDC991B0DED4C003FB8F5 /* Photons.h in Headers */ = {isa = PBXBuildFile; fileRef = 8BAFDC981B0DED4C003FB8F5 /* Photons.h */; settings = {ATTRIBUTES = (Public, ); }; };
		8BAFDCB01B0DEE2B003FB8F5 /* NSError+Photons.m in Sources */ = {isa = PBXBuildFile; fileRef = 8B2FD0E91B0B2DC200757B1F /* NSError+Photons.m */; };
		8BAFDCB11B0DEE2B003FB8F5 /* PTNImageFetchOptions.m in Sources */ = {isa = PBXBuildFile; fileRef = 8BAFDC431B0CC431003FB8F5 /* PTNImageFetchOptions.m */; };
		8BAFDCB21B0DEE2B003FB8F5 /* PhotoKit+Photons.m in Sources */ = {isa = PBXBuildFile; fileRef = 8B2FD0871B00E8A500757B1F /* PhotoKit+Photons.m */; };
		8BAFDCB31B0DEE2B003FB8F5 /* PTNImageFetchOptions+PhotoKit.m in Sources */ = {isa = PBXBuildFile; fileRef = 8BAFDC4E1B0DC6B9003FB8F5 /* PTNImageFetchOptions+PhotoKit.m */; };
		8BAFDCB41B0DEE2B003FB8F5 /* PTNPhotoKitAlbumType.m in Sources */ = {isa = PBXBuildFile; fileRef = 8B2FD0E61B0A0FD000757B1F /* PTNPhotoKitAlbumType.m */; };
		8BAFDCB51B0DEE2B003FB8F5 /* PTNPhotoKitFetcher.m in Sources */ = {isa = PBXBuildFile; fileRef = 8B2FD0901B01059B00757B1F /* PTNPhotoKitFetcher.m */; };
		8BAFDCB61B0DEE2B003FB8F5 /* PTNPhotoKitObserver.m in Sources */ = {isa = PBXBuildFile; fileRef = 8B2FD0931B01067700757B1F /* PTNPhotoKitObserver.m */; };
		8BAFDCB71B0DEE2B003FB8F5 /* PTNPhotoKitAlbum.m in Sources */ = {isa = PBXBuildFile; fileRef = 8B2FD0831B00E2ED00757B1F /* PTNPhotoKitAlbum.m */; };
		8BAFDCB81B0DEE2B003FB8F5 /* PTNPhotoKitAssetManager.m in Sources */ = {isa = PBXBuildFile; fileRef = 8B2FD07D1AFB809B00757B1F /* PTNPhotoKitAssetManager.m */; };
		8BAFDCB91B0DEE2B003FB8F5 /* NSURL+PhotoKit.m in Sources */ = {isa = PBXBuildFile; fileRef = 8B2FD08A1B00E9B200757B1F /* NSURL+PhotoKit.m */; };
		8BAFDCBF1B0DF781003FB8F5 /* PTNAlbum.h in Headers */ = {isa = PBXBuildFile; fileRef = 8B2FD0761AFA0BDE00757B1F /* PTNAlbum.h */; settings = {ATTRIBUTES = (Public, ); }; };
		8BAFDCC01B0DF781003FB8F5 /* PTNAssetManager.h in Headers */ = {isa = PBXBuildFile; fileRef = 8B2FD07B1AFB4EB900757B1F /* PTNAssetManager.h */; settings = {ATTRIBUTES = (Public, ); }; };
		8BAFDCC11B0DF781003FB8F5 /* PTNCollection.h in Headers */ = {isa = PBXBuildFile; fileRef = 8B2FD07A1AFB4CE900757B1F /* PTNCollection.h */; settings = {ATTRIBUTES = (Public, ); }; };
		8BAFDCC21B0DF781003FB8F5 /* PTNObject.h in Headers */ = {isa = PBXBuildFile; fileRef = 8B2FD0851B00E81100757B1F /* PTNObject.h */; settings = {ATTRIBUTES = (Public, ); }; };
		8BAFDCC41B0DF792003FB8F5 /* PTNPhotoKitFetcher.h in Headers */ = {isa = PBXBuildFile; fileRef = 8B2FD08F1B01059B00757B1F /* PTNPhotoKitFetcher.h */; settings = {ATTRIBUTES = (Public, ); }; };
		8BAFDCC51B0DF792003FB8F5 /* PTNPhotoKitObserver.h in Headers */ = {isa = PBXBuildFile; fileRef = 8B2FD0921B01067700757B1F /* PTNPhotoKitObserver.h */; settings = {ATTRIBUTES = (Public, ); }; };
		8BAFDCC61B0DF792003FB8F5 /* PTNPhotoKitAlbum.h in Headers */ = {isa = PBXBuildFile; fileRef = 8B2FD0821B00E2ED00757B1F /* PTNPhotoKitAlbum.h */; settings = {ATTRIBUTES = (Public, ); }; };
		8BAFDCC71B0DF792003FB8F5 /* PTNPhotoKitAssetManager.h in Headers */ = {isa = PBXBuildFile; fileRef = 8B2FD07C1AFB809B00757B1F /* PTNPhotoKitAssetManager.h */; settings = {ATTRIBUTES = (Public, ); }; };
		8BAFE2981B0E0BC9003FB8F5 /* Expecta.framework in Frameworks */ = {isa = PBXBuildFile; fileRef = 8BAFE2761B0E0BB0003FB8F5 /* Expecta.framework */; };
		8BAFE2991B0E0BC9003FB8F5 /* Specta.framework in Frameworks */ = {isa = PBXBuildFile; fileRef = 8BAFE2911B0E0BBF003FB8F5 /* Specta.framework */; };
		8BAFE2AA1B0E0CCA003FB8F5 /* libOCMock.a in Frameworks */ = {isa = PBXBuildFile; fileRef = 8BAFE2A61B0E0C7F003FB8F5 /* libOCMock.a */; };
		8BAFE2AB1B0E0F6C003FB8F5 /* ReactiveCocoa.framework in Frameworks */ = {isa = PBXBuildFile; fileRef = 8BAFE2621B0E0B70003FB8F5 /* ReactiveCocoa.framework */; };
		8BAFE2AC1B0E0FF9003FB8F5 /* PTNImageFetchOptions.h in Headers */ = {isa = PBXBuildFile; fileRef = 8BAFDC421B0CC431003FB8F5 /* PTNImageFetchOptions.h */; settings = {ATTRIBUTES = (Public, ); }; };
		8BAFE2AF1B0E1537003FB8F5 /* Photons.framework in Frameworks */ = {isa = PBXBuildFile; fileRef = 8BAFDC941B0DED4C003FB8F5 /* Photons.framework */; };
		8BAFE2B01B0E15BB003FB8F5 /* PTNPhotoKitAlbumType.h in Headers */ = {isa = PBXBuildFile; fileRef = 8B2FD0E51B0A0FD000757B1F /* PTNPhotoKitAlbumType.h */; settings = {ATTRIBUTES = (Public, ); }; };
		8BAFE2F21B0E1BDD003FB8F5 /* ReactiveCocoa.framework in Frameworks */ = {isa = PBXBuildFile; fileRef = 8BAFE2F11B0E1BDD003FB8F5 /* ReactiveCocoa.framework */; };
		8BAFE2F31B0E1CD4003FB8F5 /* NSURL+PhotoKit.h in Headers */ = {isa = PBXBuildFile; fileRef = 8B2FD0891B00E9B200757B1F /* NSURL+PhotoKit.h */; settings = {ATTRIBUTES = (Public, ); }; };
		8BAFE36C1B1476C9003FB8F5 /* PTNProgress.h in Headers */ = {isa = PBXBuildFile; fileRef = 8BAFE36A1B1476C9003FB8F5 /* PTNProgress.h */; settings = {ATTRIBUTES = (Public, ); }; };
		8BAFE36D1B1476C9003FB8F5 /* PTNProgress.m in Sources */ = {isa = PBXBuildFile; fileRef = 8BAFE36B1B1476C9003FB8F5 /* PTNProgress.m */; };
		8BAFE37D1B14C0AD003FB8F5 /* RACStream+Photons.m in Sources */ = {isa = PBXBuildFile; fileRef = 8BAFE37B1B14C0AD003FB8F5 /* RACStream+Photons.m */; };
		8BCF57D01BCC068E001EE2ED /* libLTKit.a in Frameworks */ = {isa = PBXBuildFile; fileRef = 8B16A88D1BCBF59A006DAAA7 /* libLTKit.a */; };
		8BCF57D11BCC0692001EE2ED /* libc++.tbd in Frameworks */ = {isa = PBXBuildFile; fileRef = 8B16A8A51BCBFCA8006DAAA7 /* libc++.tbd */; };
		8BCF57FE1BCC0858001EE2ED /* LTTestUtils.mm in Sources */ = {isa = PBXBuildFile; fileRef = 8BCF57FD1BCC0858001EE2ED /* LTTestUtils.mm */; settings = {ASSET_TAGS = (); }; };
		8BCF58561BCD0A74001EE2ED /* PTNImageMetadataSpec.mm in Sources */ = {isa = PBXBuildFile; fileRef = 8BCF58551BCD0A74001EE2ED /* PTNImageMetadataSpec.mm */; settings = {ASSET_TAGS = (); }; };
		8BCF58571BCD0AE2001EE2ED /* PTNImageMetadata.h in Headers */ = {isa = PBXBuildFile; fileRef = 8B2404971B8493C70079B724 /* PTNImageMetadata.h */; settings = {ATTRIBUTES = (Public, ); }; };
		8BCF58581BCD0B73001EE2ED /* PTNImageMetadata.m in Sources */ = {isa = PBXBuildFile; fileRef = 8B2404961B8493C70079B724 /* PTNImageMetadata.m */; settings = {ASSET_TAGS = (); }; };
		8BCF58671BCD25AB001EE2ED /* PTNImageMetadataDown.jpg in Resources */ = {isa = PBXBuildFile; fileRef = 8BCF585E1BCD25AB001EE2ED /* PTNImageMetadataDown.jpg */; settings = {ASSET_TAGS = (); }; };
		8BCF58681BCD25AB001EE2ED /* PTNImageMetadataDownMirrored.jpg in Resources */ = {isa = PBXBuildFile; fileRef = 8BCF585F1BCD25AB001EE2ED /* PTNImageMetadataDownMirrored.jpg */; settings = {ASSET_TAGS = (); }; };
		8BCF58691BCD25AB001EE2ED /* PTNImageMetadataImage.jpg in Resources */ = {isa = PBXBuildFile; fileRef = 8BCF58601BCD25AB001EE2ED /* PTNImageMetadataImage.jpg */; settings = {ASSET_TAGS = (); }; };
		8BCF586A1BCD25AB001EE2ED /* PTNImageMetadataLeft.jpg in Resources */ = {isa = PBXBuildFile; fileRef = 8BCF58611BCD25AB001EE2ED /* PTNImageMetadataLeft.jpg */; settings = {ASSET_TAGS = (); }; };
		8BCF586B1BCD25AB001EE2ED /* PTNImageMetadataLeftMirrored.jpg in Resources */ = {isa = PBXBuildFile; fileRef = 8BCF58621BCD25AB001EE2ED /* PTNImageMetadataLeftMirrored.jpg */; settings = {ASSET_TAGS = (); }; };
		8BCF586C1BCD25AB001EE2ED /* PTNImageMetadataRight.jpg in Resources */ = {isa = PBXBuildFile; fileRef = 8BCF58631BCD25AB001EE2ED /* PTNImageMetadataRight.jpg */; settings = {ASSET_TAGS = (); }; };
		8BCF586D1BCD25AB001EE2ED /* PTNImageMetadataRightMirrored.jpg in Resources */ = {isa = PBXBuildFile; fileRef = 8BCF58641BCD25AB001EE2ED /* PTNImageMetadataRightMirrored.jpg */; settings = {ASSET_TAGS = (); }; };
		8BCF586E1BCD25AB001EE2ED /* PTNImageMetadataUp.jpg in Resources */ = {isa = PBXBuildFile; fileRef = 8BCF58651BCD25AB001EE2ED /* PTNImageMetadataUp.jpg */; settings = {ASSET_TAGS = (); }; };
		8BCF586F1BCD25AB001EE2ED /* PTNImageMetadataUpMirrored.jpg in Resources */ = {isa = PBXBuildFile; fileRef = 8BCF58661BCD25AB001EE2ED /* PTNImageMetadataUpMirrored.jpg */; settings = {ASSET_TAGS = (); }; };
		8BF135A01B79E5B300F4D0B3 /* PTNPhotoKitTestUtils.m in Sources */ = {isa = PBXBuildFile; fileRef = 8BF1359F1B79E5B300F4D0B3 /* PTNPhotoKitTestUtils.m */; };
		8BF135BA1B79E7A800F4D0B3 /* PTNPhotoKitFakeFetcher.m in Sources */ = {isa = PBXBuildFile; fileRef = 8BF135B91B79E7A800F4D0B3 /* PTNPhotoKitFakeFetcher.m */; };
/* End PBXBuildFile section */

/* Begin PBXContainerItemProxy section */
		8B16A88C1BCBF59A006DAAA7 /* PBXContainerItemProxy */ = {
			isa = PBXContainerItemProxy;
			containerPortal = 8B16A87C1BCBF599006DAAA7 /* LTKit.xcodeproj */;
			proxyType = 2;
			remoteGlobalIDString = 8B3DEBE418296B6100EA0C1A;
			remoteInfo = LTKit;
		};
		8B16A88E1BCBF59A006DAAA7 /* PBXContainerItemProxy */ = {
			isa = PBXContainerItemProxy;
			containerPortal = 8B16A87C1BCBF599006DAAA7 /* LTKit.xcodeproj */;
			proxyType = 2;
			remoteGlobalIDString = 8B3DEBF418296B6100EA0C1A;
			remoteInfo = LTKitTests;
		};
		8B5619631B65420F006B0DA0 /* PBXContainerItemProxy */ = {
			isa = PBXContainerItemProxy;
			containerPortal = 8BAFE29A1B0E0C7F003FB8F5 /* OCMock.xcodeproj */;
			proxyType = 2;
			remoteGlobalIDString = F0B950F11B0080BE00942C38;
			remoteInfo = "OCMock iOS";
		};
		8BAFDCAD1B0DED5D003FB8F5 /* PBXContainerItemProxy */ = {
			isa = PBXContainerItemProxy;
			containerPortal = 8B2FD0161AF9F79000757B1F /* Project object */;
			proxyType = 1;
			remoteGlobalIDString = 8BAFDC931B0DED4C003FB8F5;
			remoteInfo = Photons;
		};
		8BAFE25D1B0E0B70003FB8F5 /* PBXContainerItemProxy */ = {
			isa = PBXContainerItemProxy;
			containerPortal = 8BAFE2561B0E0B6F003FB8F5 /* ReactiveCocoa.xcodeproj */;
			proxyType = 2;
			remoteGlobalIDString = D04725EA19E49ED7006002AA;
			remoteInfo = "ReactiveCocoa-Mac";
		};
		8BAFE25F1B0E0B70003FB8F5 /* PBXContainerItemProxy */ = {
			isa = PBXContainerItemProxy;
			containerPortal = 8BAFE2561B0E0B6F003FB8F5 /* ReactiveCocoa.xcodeproj */;
			proxyType = 2;
			remoteGlobalIDString = D04725F519E49ED7006002AA;
			remoteInfo = "ReactiveCocoa-MacTests";
		};
		8BAFE2611B0E0B70003FB8F5 /* PBXContainerItemProxy */ = {
			isa = PBXContainerItemProxy;
			containerPortal = 8BAFE2561B0E0B6F003FB8F5 /* ReactiveCocoa.xcodeproj */;
			proxyType = 2;
			remoteGlobalIDString = D047260C19E49F82006002AA;
			remoteInfo = "ReactiveCocoa-iOS";
		};
		8BAFE2631B0E0B70003FB8F5 /* PBXContainerItemProxy */ = {
			isa = PBXContainerItemProxy;
			containerPortal = 8BAFE2561B0E0B6F003FB8F5 /* ReactiveCocoa.xcodeproj */;
			proxyType = 2;
			remoteGlobalIDString = D047261619E49F82006002AA;
			remoteInfo = "ReactiveCocoa-iOSTests";
		};
		8BAFE2731B0E0BB0003FB8F5 /* PBXContainerItemProxy */ = {
			isa = PBXContainerItemProxy;
			containerPortal = 8BAFE2681B0E0BB0003FB8F5 /* Expecta.xcodeproj */;
			proxyType = 2;
			remoteGlobalIDString = 908379791A8B972C009844DA;
			remoteInfo = Expecta;
		};
		8BAFE2751B0E0BB0003FB8F5 /* PBXContainerItemProxy */ = {
			isa = PBXContainerItemProxy;
			containerPortal = 8BAFE2681B0E0BB0003FB8F5 /* Expecta.xcodeproj */;
			proxyType = 2;
			remoteGlobalIDString = 908379111A8B9660009844DA;
			remoteInfo = "Expecta-iOS";
		};
		8BAFE2771B0E0BB0003FB8F5 /* PBXContainerItemProxy */ = {
			isa = PBXContainerItemProxy;
			containerPortal = 8BAFE2681B0E0BB0003FB8F5 /* Expecta.xcodeproj */;
			proxyType = 2;
			remoteGlobalIDString = 3A0A598C1AD4418C003DA3E4;
			remoteInfo = ExpectaTests;
		};
		8BAFE2791B0E0BB0003FB8F5 /* PBXContainerItemProxy */ = {
			isa = PBXContainerItemProxy;
			containerPortal = 8BAFE2681B0E0BB0003FB8F5 /* Expecta.xcodeproj */;
			proxyType = 2;
			remoteGlobalIDString = 3A0A59BF1AD441CB003DA3E4;
			remoteInfo = "Expecta-iOSTests";
		};
		8BAFE27B1B0E0BB0003FB8F5 /* PBXContainerItemProxy */ = {
			isa = PBXContainerItemProxy;
			containerPortal = 8BAFE2681B0E0BB0003FB8F5 /* Expecta.xcodeproj */;
			proxyType = 2;
			remoteGlobalIDString = E9ACDF0C13B2DD520010F4D7;
			remoteInfo = libExpecta;
		};
		8BAFE27D1B0E0BB0003FB8F5 /* PBXContainerItemProxy */ = {
			isa = PBXContainerItemProxy;
			containerPortal = 8BAFE2681B0E0BB0003FB8F5 /* Expecta.xcodeproj */;
			proxyType = 2;
			remoteGlobalIDString = E93067CE13B2E6D100EA26FF;
			remoteInfo = "libExpecta-iOS";
		};
		8BAFE27F1B0E0BB0003FB8F5 /* PBXContainerItemProxy */ = {
			isa = PBXContainerItemProxy;
			containerPortal = 8BAFE2681B0E0BB0003FB8F5 /* Expecta.xcodeproj */;
			proxyType = 2;
			remoteGlobalIDString = 9C4416F917FF3F4A00978F09;
			remoteInfo = libExpectaTests;
		};
		8BAFE2811B0E0BB0003FB8F5 /* PBXContainerItemProxy */ = {
			isa = PBXContainerItemProxy;
			containerPortal = 8BAFE2681B0E0BB0003FB8F5 /* Expecta.xcodeproj */;
			proxyType = 2;
			remoteGlobalIDString = E93067DA13B2E6D100EA26FF;
			remoteInfo = "libExpecta-iOSTests";
		};
		8BAFE28C1B0E0BBF003FB8F5 /* PBXContainerItemProxy */ = {
			isa = PBXContainerItemProxy;
			containerPortal = 8BAFE2831B0E0BBE003FB8F5 /* Specta.xcodeproj */;
			proxyType = 2;
			remoteGlobalIDString = E9536CD81968D30B003D1FBA;
			remoteInfo = Specta;
		};
		8BAFE28E1B0E0BBF003FB8F5 /* PBXContainerItemProxy */ = {
			isa = PBXContainerItemProxy;
			containerPortal = 8BAFE2831B0E0BBE003FB8F5 /* Specta.xcodeproj */;
			proxyType = 2;
			remoteGlobalIDString = E9536CE31968D30B003D1FBA;
			remoteInfo = SpectaTests;
		};
		8BAFE2901B0E0BBF003FB8F5 /* PBXContainerItemProxy */ = {
			isa = PBXContainerItemProxy;
			containerPortal = 8BAFE2831B0E0BBE003FB8F5 /* Specta.xcodeproj */;
			proxyType = 2;
			remoteGlobalIDString = E9536D011968D3EE003D1FBA;
			remoteInfo = "Specta-iOS";
		};
		8BAFE2921B0E0BBF003FB8F5 /* PBXContainerItemProxy */ = {
			isa = PBXContainerItemProxy;
			containerPortal = 8BAFE2831B0E0BBE003FB8F5 /* Specta.xcodeproj */;
			proxyType = 2;
			remoteGlobalIDString = E9536D0B1968D3EE003D1FBA;
			remoteInfo = "Specta-iOSTests";
		};
		8BAFE2941B0E0BBF003FB8F5 /* PBXContainerItemProxy */ = {
			isa = PBXContainerItemProxy;
			containerPortal = 8BAFE2831B0E0BBE003FB8F5 /* Specta.xcodeproj */;
			proxyType = 2;
			remoteGlobalIDString = E91713F119DF07BB00921712;
			remoteInfo = libSpecta;
		};
		8BAFE2961B0E0BBF003FB8F5 /* PBXContainerItemProxy */ = {
			isa = PBXContainerItemProxy;
			containerPortal = 8BAFE2831B0E0BBE003FB8F5 /* Specta.xcodeproj */;
			proxyType = 2;
			remoteGlobalIDString = E917140919DF07D700921712;
			remoteInfo = "libSpecta-iOS";
		};
		8BAFE2A11B0E0C7F003FB8F5 /* PBXContainerItemProxy */ = {
			isa = PBXContainerItemProxy;
			containerPortal = 8BAFE29A1B0E0C7F003FB8F5 /* OCMock.xcodeproj */;
			proxyType = 2;
			remoteGlobalIDString = 030EF0A814632FD000B04273;
			remoteInfo = OCMock;
		};
		8BAFE2A31B0E0C7F003FB8F5 /* PBXContainerItemProxy */ = {
			isa = PBXContainerItemProxy;
			containerPortal = 8BAFE29A1B0E0C7F003FB8F5 /* OCMock.xcodeproj */;
			proxyType = 2;
			remoteGlobalIDString = 03565A3118F0566E003AE91E;
			remoteInfo = OCMockTests;
		};
		8BAFE2A51B0E0C7F003FB8F5 /* PBXContainerItemProxy */ = {
			isa = PBXContainerItemProxy;
			containerPortal = 8BAFE29A1B0E0C7F003FB8F5 /* OCMock.xcodeproj */;
			proxyType = 2;
			remoteGlobalIDString = 030EF0DC14632FF700B04273;
			remoteInfo = OCMockLib;
		};
		8BAFE2A71B0E0C7F003FB8F5 /* PBXContainerItemProxy */ = {
			isa = PBXContainerItemProxy;
			containerPortal = 8BAFE29A1B0E0C7F003FB8F5 /* OCMock.xcodeproj */;
			proxyType = 2;
			remoteGlobalIDString = D31108AD1828DB8700737925;
			remoteInfo = OCMockLibTests;
		};
/* End PBXContainerItemProxy section */

/* Begin PBXFileReference section */
		8B16A8761BCBF3E9006DAAA7 /* PTNImageResizerSpec.mm */ = {isa = PBXFileReference; fileEncoding = 4; lastKnownFileType = sourcecode.cpp.objcpp; path = PTNImageResizerSpec.mm; sourceTree = "<group>"; };
		8B16A87C1BCBF599006DAAA7 /* LTKit.xcodeproj */ = {isa = PBXFileReference; lastKnownFileType = "wrapper.pb-project"; name = LTKit.xcodeproj; path = LTKit/LTKit/LTKit.xcodeproj; sourceTree = "<group>"; };
		8B16A8A21BCBF6E5006DAAA7 /* NSErrorCodes+Photons.h */ = {isa = PBXFileReference; lastKnownFileType = sourcecode.c.h; path = "NSErrorCodes+Photons.h"; sourceTree = "<group>"; };
		8B16A8A51BCBFCA8006DAAA7 /* libc++.tbd */ = {isa = PBXFileReference; lastKnownFileType = "sourcecode.text-based-dylib-definition"; name = "libc++.tbd"; path = "usr/lib/libc++.tbd"; sourceTree = SDKROOT; };
		8B2404961B8493C70079B724 /* PTNImageMetadata.m */ = {isa = PBXFileReference; fileEncoding = 4; lastKnownFileType = sourcecode.c.objc; path = PTNImageMetadata.m; sourceTree = "<group>"; };
		8B2404971B8493C70079B724 /* PTNImageMetadata.h */ = {isa = PBXFileReference; fileEncoding = 4; lastKnownFileType = sourcecode.c.h; path = PTNImageMetadata.h; sourceTree = "<group>"; };
		8B2FD0291AF9F79000757B1F /* PhotonsTests.xctest */ = {isa = PBXFileReference; explicitFileType = wrapper.cfbundle; includeInIndex = 0; path = PhotonsTests.xctest; sourceTree = BUILT_PRODUCTS_DIR; };
		8B2FD02F1AF9F79000757B1F /* Info.plist */ = {isa = PBXFileReference; lastKnownFileType = text.plist.xml; path = Info.plist; sourceTree = "<group>"; };
		8B2FD0391AF9F93A00757B1F /* Photons-Prefix.pch */ = {isa = PBXFileReference; lastKnownFileType = sourcecode.c.h; path = "Photons-Prefix.pch"; sourceTree = "<group>"; };
		8B2FD06E1AF9FF2200757B1F /* PhotonsTests-Prefix.pch */ = {isa = PBXFileReference; lastKnownFileType = sourcecode.c.h; path = "PhotonsTests-Prefix.pch"; sourceTree = "<group>"; };
		8B2FD0761AFA0BDE00757B1F /* PTNAlbum.h */ = {isa = PBXFileReference; lastKnownFileType = sourcecode.c.h; path = PTNAlbum.h; sourceTree = "<group>"; };
		8B2FD07A1AFB4CE900757B1F /* PTNCollection.h */ = {isa = PBXFileReference; lastKnownFileType = sourcecode.c.h; path = PTNCollection.h; sourceTree = "<group>"; };
		8B2FD07B1AFB4EB900757B1F /* PTNAssetManager.h */ = {isa = PBXFileReference; lastKnownFileType = sourcecode.c.h; path = PTNAssetManager.h; sourceTree = "<group>"; };
		8B2FD07C1AFB809B00757B1F /* PTNPhotoKitAssetManager.h */ = {isa = PBXFileReference; fileEncoding = 4; lastKnownFileType = sourcecode.c.h; path = PTNPhotoKitAssetManager.h; sourceTree = "<group>"; };
		8B2FD07D1AFB809B00757B1F /* PTNPhotoKitAssetManager.m */ = {isa = PBXFileReference; fileEncoding = 4; lastKnownFileType = sourcecode.c.objc; path = PTNPhotoKitAssetManager.m; sourceTree = "<group>"; };
		8B2FD0821B00E2ED00757B1F /* PTNPhotoKitAlbum.h */ = {isa = PBXFileReference; fileEncoding = 4; lastKnownFileType = sourcecode.c.h; path = PTNPhotoKitAlbum.h; sourceTree = "<group>"; };
		8B2FD0831B00E2ED00757B1F /* PTNPhotoKitAlbum.m */ = {isa = PBXFileReference; fileEncoding = 4; lastKnownFileType = sourcecode.c.objc; path = PTNPhotoKitAlbum.m; sourceTree = "<group>"; };
		8B2FD0851B00E81100757B1F /* PTNObject.h */ = {isa = PBXFileReference; lastKnownFileType = sourcecode.c.h; path = PTNObject.h; sourceTree = "<group>"; };
		8B2FD0861B00E8A500757B1F /* PhotoKit+Photons.h */ = {isa = PBXFileReference; fileEncoding = 4; lastKnownFileType = sourcecode.c.h; path = "PhotoKit+Photons.h"; sourceTree = "<group>"; };
		8B2FD0871B00E8A500757B1F /* PhotoKit+Photons.m */ = {isa = PBXFileReference; fileEncoding = 4; lastKnownFileType = sourcecode.c.objc; path = "PhotoKit+Photons.m"; sourceTree = "<group>"; };
		8B2FD0891B00E9B200757B1F /* NSURL+PhotoKit.h */ = {isa = PBXFileReference; fileEncoding = 4; lastKnownFileType = sourcecode.c.h; path = "NSURL+PhotoKit.h"; sourceTree = "<group>"; };
		8B2FD08A1B00E9B200757B1F /* NSURL+PhotoKit.m */ = {isa = PBXFileReference; fileEncoding = 4; lastKnownFileType = sourcecode.c.objc; path = "NSURL+PhotoKit.m"; sourceTree = "<group>"; };
		8B2FD08F1B01059B00757B1F /* PTNPhotoKitFetcher.h */ = {isa = PBXFileReference; fileEncoding = 4; lastKnownFileType = sourcecode.c.h; path = PTNPhotoKitFetcher.h; sourceTree = "<group>"; };
		8B2FD0901B01059B00757B1F /* PTNPhotoKitFetcher.m */ = {isa = PBXFileReference; fileEncoding = 4; lastKnownFileType = sourcecode.c.objc; path = PTNPhotoKitFetcher.m; sourceTree = "<group>"; };
		8B2FD0921B01067700757B1F /* PTNPhotoKitObserver.h */ = {isa = PBXFileReference; fileEncoding = 4; lastKnownFileType = sourcecode.c.h; path = PTNPhotoKitObserver.h; sourceTree = "<group>"; };
		8B2FD0931B01067700757B1F /* PTNPhotoKitObserver.m */ = {isa = PBXFileReference; fileEncoding = 4; lastKnownFileType = sourcecode.c.objc; path = PTNPhotoKitObserver.m; sourceTree = "<group>"; };
		8B2FD0961B04D62B00757B1F /* PTNPhotoKitObserverSpec.m */ = {isa = PBXFileReference; fileEncoding = 4; lastKnownFileType = sourcecode.c.objc; path = PTNPhotoKitObserverSpec.m; sourceTree = "<group>"; };
		8B2FD0AC1B09CD0800757B1F /* EXPExpect+LLReactiveMatchersExtensions.h */ = {isa = PBXFileReference; fileEncoding = 4; lastKnownFileType = sourcecode.c.h; path = "EXPExpect+LLReactiveMatchersExtensions.h"; sourceTree = "<group>"; };
		8B2FD0AD1B09CD0800757B1F /* EXPExpect+LLReactiveMatchersExtensions.m */ = {isa = PBXFileReference; fileEncoding = 4; lastKnownFileType = sourcecode.c.objc; path = "EXPExpect+LLReactiveMatchersExtensions.m"; sourceTree = "<group>"; };
		8B2FD0AE1B09CD0800757B1F /* LLSignalTestRecorder.h */ = {isa = PBXFileReference; fileEncoding = 4; lastKnownFileType = sourcecode.c.h; path = LLSignalTestRecorder.h; sourceTree = "<group>"; };
		8B2FD0AF1B09CD0800757B1F /* LLSignalTestRecorder.m */ = {isa = PBXFileReference; fileEncoding = 4; lastKnownFileType = sourcecode.c.objc; path = LLSignalTestRecorder.m; sourceTree = "<group>"; };
		8B2FD0B01B09CD0800757B1F /* RACSignal+LLSubscriptionCounting.h */ = {isa = PBXFileReference; fileEncoding = 4; lastKnownFileType = sourcecode.c.h; path = "RACSignal+LLSubscriptionCounting.h"; sourceTree = "<group>"; };
		8B2FD0B11B09CD0800757B1F /* RACSignal+LLSubscriptionCounting.m */ = {isa = PBXFileReference; fileEncoding = 4; lastKnownFileType = sourcecode.c.objc; path = "RACSignal+LLSubscriptionCounting.m"; sourceTree = "<group>"; };
		8B2FD0B21B09CD0800757B1F /* LLReactiveMatchers-Prefix.pch */ = {isa = PBXFileReference; fileEncoding = 4; lastKnownFileType = sourcecode.c.h; path = "LLReactiveMatchers-Prefix.pch"; sourceTree = "<group>"; };
		8B2FD0B31B09CD0800757B1F /* LLReactiveMatchers.h */ = {isa = PBXFileReference; fileEncoding = 4; lastKnownFileType = sourcecode.c.h; path = LLReactiveMatchers.h; sourceTree = "<group>"; };
		8B2FD0B41B09CD0800757B1F /* LLReactiveMatchersHelpers.h */ = {isa = PBXFileReference; fileEncoding = 4; lastKnownFileType = sourcecode.c.h; path = LLReactiveMatchersHelpers.h; sourceTree = "<group>"; };
		8B2FD0B51B09CD0800757B1F /* LLReactiveMatchersHelpers.m */ = {isa = PBXFileReference; fileEncoding = 4; lastKnownFileType = sourcecode.c.objc; path = LLReactiveMatchersHelpers.m; sourceTree = "<group>"; };
		8B2FD0B61B09CD0800757B1F /* LLReactiveMatchersImports.h */ = {isa = PBXFileReference; fileEncoding = 4; lastKnownFileType = sourcecode.c.h; path = LLReactiveMatchersImports.h; sourceTree = "<group>"; };
		8B2FD0B71B09CD0800757B1F /* LLReactiveMatchersMessageBuilder.h */ = {isa = PBXFileReference; fileEncoding = 4; lastKnownFileType = sourcecode.c.h; path = LLReactiveMatchersMessageBuilder.h; sourceTree = "<group>"; };
		8B2FD0B81B09CD0800757B1F /* LLReactiveMatchersMessageBuilder.m */ = {isa = PBXFileReference; fileEncoding = 4; lastKnownFileType = sourcecode.c.objc; path = LLReactiveMatchersMessageBuilder.m; sourceTree = "<group>"; };
		8B2FD0BA1B09CD0800757B1F /* EXPMatchers+beSubscribedTo.h */ = {isa = PBXFileReference; fileEncoding = 4; lastKnownFileType = sourcecode.c.h; path = "EXPMatchers+beSubscribedTo.h"; sourceTree = "<group>"; };
		8B2FD0BB1B09CD0800757B1F /* EXPMatchers+beSubscribedTo.m */ = {isa = PBXFileReference; fileEncoding = 4; lastKnownFileType = sourcecode.c.objc; path = "EXPMatchers+beSubscribedTo.m"; sourceTree = "<group>"; };
		8B2FD0BC1B09CD0800757B1F /* EXPMatchers+complete.h */ = {isa = PBXFileReference; fileEncoding = 4; lastKnownFileType = sourcecode.c.h; path = "EXPMatchers+complete.h"; sourceTree = "<group>"; };
		8B2FD0BD1B09CD0800757B1F /* EXPMatchers+complete.m */ = {isa = PBXFileReference; fileEncoding = 4; lastKnownFileType = sourcecode.c.objc; path = "EXPMatchers+complete.m"; sourceTree = "<group>"; };
		8B2FD0BE1B09CD0800757B1F /* EXPMatchers+error.h */ = {isa = PBXFileReference; fileEncoding = 4; lastKnownFileType = sourcecode.c.h; path = "EXPMatchers+error.h"; sourceTree = "<group>"; };
		8B2FD0BF1B09CD0800757B1F /* EXPMatchers+error.m */ = {isa = PBXFileReference; fileEncoding = 4; lastKnownFileType = sourcecode.c.objc; path = "EXPMatchers+error.m"; sourceTree = "<group>"; };
		8B2FD0C01B09CD0800757B1F /* EXPMatchers+finish.h */ = {isa = PBXFileReference; fileEncoding = 4; lastKnownFileType = sourcecode.c.h; path = "EXPMatchers+finish.h"; sourceTree = "<group>"; };
		8B2FD0C11B09CD0800757B1F /* EXPMatchers+finish.m */ = {isa = PBXFileReference; fileEncoding = 4; lastKnownFileType = sourcecode.c.objc; path = "EXPMatchers+finish.m"; sourceTree = "<group>"; };
		8B2FD0C21B09CD0800757B1F /* EXPMatchers+matchError.h */ = {isa = PBXFileReference; fileEncoding = 4; lastKnownFileType = sourcecode.c.h; path = "EXPMatchers+matchError.h"; sourceTree = "<group>"; };
		8B2FD0C31B09CD0800757B1F /* EXPMatchers+matchError.m */ = {isa = PBXFileReference; fileEncoding = 4; lastKnownFileType = sourcecode.c.objc; path = "EXPMatchers+matchError.m"; sourceTree = "<group>"; };
		8B2FD0C41B09CD0800757B1F /* EXPMatchers+matchValue.h */ = {isa = PBXFileReference; fileEncoding = 4; lastKnownFileType = sourcecode.c.h; path = "EXPMatchers+matchValue.h"; sourceTree = "<group>"; };
		8B2FD0C51B09CD0800757B1F /* EXPMatchers+matchValue.m */ = {isa = PBXFileReference; fileEncoding = 4; lastKnownFileType = sourcecode.c.objc; path = "EXPMatchers+matchValue.m"; sourceTree = "<group>"; };
		8B2FD0C61B09CD0800757B1F /* EXPMatchers+matchValues.h */ = {isa = PBXFileReference; fileEncoding = 4; lastKnownFileType = sourcecode.c.h; path = "EXPMatchers+matchValues.h"; sourceTree = "<group>"; };
		8B2FD0C71B09CD0800757B1F /* EXPMatchers+matchValues.m */ = {isa = PBXFileReference; fileEncoding = 4; lastKnownFileType = sourcecode.c.objc; path = "EXPMatchers+matchValues.m"; sourceTree = "<group>"; };
		8B2FD0C81B09CD0800757B1F /* EXPMatchers+sendError.h */ = {isa = PBXFileReference; fileEncoding = 4; lastKnownFileType = sourcecode.c.h; path = "EXPMatchers+sendError.h"; sourceTree = "<group>"; };
		8B2FD0C91B09CD0800757B1F /* EXPMatchers+sendError.m */ = {isa = PBXFileReference; fileEncoding = 4; lastKnownFileType = sourcecode.c.objc; path = "EXPMatchers+sendError.m"; sourceTree = "<group>"; };
		8B2FD0CA1B09CD0800757B1F /* EXPMatchers+sendEvents.h */ = {isa = PBXFileReference; fileEncoding = 4; lastKnownFileType = sourcecode.c.h; path = "EXPMatchers+sendEvents.h"; sourceTree = "<group>"; };
		8B2FD0CB1B09CD0800757B1F /* EXPMatchers+sendEvents.m */ = {isa = PBXFileReference; fileEncoding = 4; lastKnownFileType = sourcecode.c.objc; path = "EXPMatchers+sendEvents.m"; sourceTree = "<group>"; };
		8B2FD0CC1B09CD0800757B1F /* EXPMatchers+sendValues.h */ = {isa = PBXFileReference; fileEncoding = 4; lastKnownFileType = sourcecode.c.h; path = "EXPMatchers+sendValues.h"; sourceTree = "<group>"; };
		8B2FD0CD1B09CD0800757B1F /* EXPMatchers+sendValues.m */ = {isa = PBXFileReference; fileEncoding = 4; lastKnownFileType = sourcecode.c.objc; path = "EXPMatchers+sendValues.m"; sourceTree = "<group>"; };
		8B2FD0CE1B09CD0800757B1F /* EXPMatchers+sendValuesWithCount.h */ = {isa = PBXFileReference; fileEncoding = 4; lastKnownFileType = sourcecode.c.h; path = "EXPMatchers+sendValuesWithCount.h"; sourceTree = "<group>"; };
		8B2FD0CF1B09CD0800757B1F /* EXPMatchers+sendValuesWithCount.m */ = {isa = PBXFileReference; fileEncoding = 4; lastKnownFileType = sourcecode.c.objc; path = "EXPMatchers+sendValuesWithCount.m"; sourceTree = "<group>"; };
		8B2FD0E31B09DDA700757B1F /* PTNPhotoKitAssetManagerSpec.m */ = {isa = PBXFileReference; fileEncoding = 4; lastKnownFileType = sourcecode.c.objc; path = PTNPhotoKitAssetManagerSpec.m; sourceTree = "<group>"; };
		8B2FD0E51B0A0FD000757B1F /* PTNPhotoKitAlbumType.h */ = {isa = PBXFileReference; fileEncoding = 4; lastKnownFileType = sourcecode.c.h; path = PTNPhotoKitAlbumType.h; sourceTree = "<group>"; };
		8B2FD0E61B0A0FD000757B1F /* PTNPhotoKitAlbumType.m */ = {isa = PBXFileReference; fileEncoding = 4; lastKnownFileType = sourcecode.c.objc; path = PTNPhotoKitAlbumType.m; sourceTree = "<group>"; };
		8B2FD0E81B0B2DC200757B1F /* NSError+Photons.h */ = {isa = PBXFileReference; fileEncoding = 4; lastKnownFileType = sourcecode.c.h; path = "NSError+Photons.h"; sourceTree = "<group>"; };
		8B2FD0E91B0B2DC200757B1F /* NSError+Photons.m */ = {isa = PBXFileReference; fileEncoding = 4; lastKnownFileType = sourcecode.c.objc; path = "NSError+Photons.m"; sourceTree = "<group>"; };
		8B2FD0EB1B0B494A00757B1F /* NSURL+PhotoKitSpec.m */ = {isa = PBXFileReference; fileEncoding = 4; lastKnownFileType = sourcecode.c.objc; path = "NSURL+PhotoKitSpec.m"; sourceTree = "<group>"; };
		8B3832161B57D6FE00620560 /* PTNAlbumChangeset.h */ = {isa = PBXFileReference; fileEncoding = 4; lastKnownFileType = sourcecode.c.h; path = PTNAlbumChangeset.h; sourceTree = "<group>"; };
		8B3832171B57D6FE00620560 /* PTNAlbumChangeset.m */ = {isa = PBXFileReference; fileEncoding = 4; lastKnownFileType = sourcecode.c.objc; path = PTNAlbumChangeset.m; sourceTree = "<group>"; };
		8B3832301B5B89BD00620560 /* PTNAlbumChangesetMove.h */ = {isa = PBXFileReference; fileEncoding = 4; lastKnownFileType = sourcecode.c.h; path = PTNAlbumChangesetMove.h; sourceTree = "<group>"; };
		8B3832311B5B89BD00620560 /* PTNAlbumChangesetMove.m */ = {isa = PBXFileReference; fileEncoding = 4; lastKnownFileType = sourcecode.c.objc; path = PTNAlbumChangesetMove.m; sourceTree = "<group>"; };
		8B3832341B5B8FC200620560 /* PTNAlbumChangeset+PhotoKit.h */ = {isa = PBXFileReference; fileEncoding = 4; lastKnownFileType = sourcecode.c.h; path = "PTNAlbumChangeset+PhotoKit.h"; sourceTree = "<group>"; };
		8B3832351B5B8FC200620560 /* PTNAlbumChangeset+PhotoKit.m */ = {isa = PBXFileReference; fileEncoding = 4; lastKnownFileType = sourcecode.c.objc; path = "PTNAlbumChangeset+PhotoKit.m"; sourceTree = "<group>"; };
		8B5619591B6508E6006B0DA0 /* PTNAlbumChangesetSpec.m */ = {isa = PBXFileReference; fileEncoding = 4; lastKnownFileType = sourcecode.c.objc; path = PTNAlbumChangesetSpec.m; sourceTree = "<group>"; };
		8B56195B1B650A4A006B0DA0 /* PTNAlbumChangesetMoveSpec.m */ = {isa = PBXFileReference; fileEncoding = 4; lastKnownFileType = sourcecode.c.objc; path = PTNAlbumChangesetMoveSpec.m; sourceTree = "<group>"; };
		8B56195D1B65113F006B0DA0 /* PTNAlbumChangeset+PhotoKitSpec.m */ = {isa = PBXFileReference; fileEncoding = 4; lastKnownFileType = sourcecode.c.objc; path = "PTNAlbumChangeset+PhotoKitSpec.m"; sourceTree = "<group>"; };
		8B5619651B654227006B0DA0 /* RACStream+PhotonsSpec.m */ = {isa = PBXFileReference; fileEncoding = 4; lastKnownFileType = sourcecode.c.objc; path = "RACStream+PhotonsSpec.m"; sourceTree = "<group>"; };
		8B5619671B654515006B0DA0 /* PTNProgressSpec.m */ = {isa = PBXFileReference; fileEncoding = 4; lastKnownFileType = sourcecode.c.objc; path = PTNProgressSpec.m; sourceTree = "<group>"; };
		8B5619691B66098B006B0DA0 /* PTNPhotoKitAlbumSpec.m */ = {isa = PBXFileReference; fileEncoding = 4; lastKnownFileType = sourcecode.c.objc; path = PTNPhotoKitAlbumSpec.m; sourceTree = "<group>"; };
		8B5619761B6612C3006B0DA0 /* PTNImageFetchOptionsSpec.m */ = {isa = PBXFileReference; fileEncoding = 4; lastKnownFileType = sourcecode.c.objc; path = PTNImageFetchOptionsSpec.m; sourceTree = "<group>"; };
		8B56198F1B661387006B0DA0 /* PTNImageFetchOptions+PhotoKitSpec.m */ = {isa = PBXFileReference; fileEncoding = 4; lastKnownFileType = sourcecode.c.objc; path = "PTNImageFetchOptions+PhotoKitSpec.m"; sourceTree = "<group>"; };
		8B5619941B663FAB006B0DA0 /* PTNPhotoKitImageManager.h */ = {isa = PBXFileReference; lastKnownFileType = sourcecode.c.h; path = PTNPhotoKitImageManager.h; sourceTree = "<group>"; };
		8B5619951B664182006B0DA0 /* PTNPhotoKitFakeImageManager.h */ = {isa = PBXFileReference; fileEncoding = 4; lastKnownFileType = sourcecode.c.h; path = PTNPhotoKitFakeImageManager.h; sourceTree = "<group>"; };
		8B5619961B664182006B0DA0 /* PTNPhotoKitFakeImageManager.m */ = {isa = PBXFileReference; fileEncoding = 4; lastKnownFileType = sourcecode.c.objc; path = PTNPhotoKitFakeImageManager.m; sourceTree = "<group>"; };
		8B992CFD1B78A0EE00B7836B /* RACSignal+Photons.h */ = {isa = PBXFileReference; fileEncoding = 4; lastKnownFileType = sourcecode.c.h; path = "RACSignal+Photons.h"; sourceTree = "<group>"; };
		8B992CFE1B78A0EE00B7836B /* RACSignal+Photons.m */ = {isa = PBXFileReference; fileEncoding = 4; lastKnownFileType = sourcecode.c.objc; path = "RACSignal+Photons.m"; sourceTree = "<group>"; };
		8B992D181B78A28700B7836B /* RACSignal+PhotonsSpec.m */ = {isa = PBXFileReference; fileEncoding = 4; lastKnownFileType = sourcecode.c.objc; path = "RACSignal+PhotonsSpec.m"; sourceTree = "<group>"; };
		8BAB934F1B7A0EF900B25392 /* PTNPhotoKitFakeObserver.h */ = {isa = PBXFileReference; fileEncoding = 4; lastKnownFileType = sourcecode.c.h; path = PTNPhotoKitFakeObserver.h; sourceTree = "<group>"; };
		8BAB93501B7A0EF900B25392 /* PTNPhotoKitFakeObserver.m */ = {isa = PBXFileReference; fileEncoding = 4; lastKnownFileType = sourcecode.c.objc; path = PTNPhotoKitFakeObserver.m; sourceTree = "<group>"; };
		8BAB95231B8234F600B25392 /* PTNImageResizer.h */ = {isa = PBXFileReference; fileEncoding = 4; lastKnownFileType = sourcecode.c.h; path = PTNImageResizer.h; sourceTree = "<group>"; };
		8BAB95241B8234F600B25392 /* PTNImageResizer.m */ = {isa = PBXFileReference; fileEncoding = 4; lastKnownFileType = sourcecode.c.objc; path = PTNImageResizer.m; sourceTree = "<group>"; };
		8BAB95271B82361600B25392 /* PTNImageContentMode.h */ = {isa = PBXFileReference; lastKnownFileType = sourcecode.c.h; path = PTNImageContentMode.h; sourceTree = "<group>"; };
		8BAFDC421B0CC431003FB8F5 /* PTNImageFetchOptions.h */ = {isa = PBXFileReference; fileEncoding = 4; lastKnownFileType = sourcecode.c.h; path = PTNImageFetchOptions.h; sourceTree = "<group>"; };
		8BAFDC431B0CC431003FB8F5 /* PTNImageFetchOptions.m */ = {isa = PBXFileReference; fileEncoding = 4; lastKnownFileType = sourcecode.c.objc; path = PTNImageFetchOptions.m; sourceTree = "<group>"; };
		8BAFDC4D1B0DC6B9003FB8F5 /* PTNImageFetchOptions+PhotoKit.h */ = {isa = PBXFileReference; fileEncoding = 4; lastKnownFileType = sourcecode.c.h; path = "PTNImageFetchOptions+PhotoKit.h"; sourceTree = "<group>"; };
		8BAFDC4E1B0DC6B9003FB8F5 /* PTNImageFetchOptions+PhotoKit.m */ = {isa = PBXFileReference; fileEncoding = 4; lastKnownFileType = sourcecode.c.objc; path = "PTNImageFetchOptions+PhotoKit.m"; sourceTree = "<group>"; };
		8BAFDC941B0DED4C003FB8F5 /* Photons.framework */ = {isa = PBXFileReference; explicitFileType = wrapper.framework; includeInIndex = 0; path = Photons.framework; sourceTree = BUILT_PRODUCTS_DIR; };
		8BAFDC971B0DED4C003FB8F5 /* Info.plist */ = {isa = PBXFileReference; lastKnownFileType = text.plist.xml; path = Info.plist; sourceTree = "<group>"; };
		8BAFDC981B0DED4C003FB8F5 /* Photons.h */ = {isa = PBXFileReference; lastKnownFileType = sourcecode.c.h; path = Photons.h; sourceTree = "<group>"; };
		8BAFE2561B0E0B6F003FB8F5 /* ReactiveCocoa.xcodeproj */ = {isa = PBXFileReference; lastKnownFileType = "wrapper.pb-project"; name = ReactiveCocoa.xcodeproj; path = Vendor/ReactiveCocoa/ReactiveCocoa.xcodeproj; sourceTree = "<group>"; };
		8BAFE2681B0E0BB0003FB8F5 /* Expecta.xcodeproj */ = {isa = PBXFileReference; lastKnownFileType = "wrapper.pb-project"; name = Expecta.xcodeproj; path = Vendor/Expecta/Expecta.xcodeproj; sourceTree = SOURCE_ROOT; };
		8BAFE2831B0E0BBE003FB8F5 /* Specta.xcodeproj */ = {isa = PBXFileReference; lastKnownFileType = "wrapper.pb-project"; name = Specta.xcodeproj; path = Vendor/Specta/Specta/Specta.xcodeproj; sourceTree = SOURCE_ROOT; };
		8BAFE29A1B0E0C7F003FB8F5 /* OCMock.xcodeproj */ = {isa = PBXFileReference; lastKnownFileType = "wrapper.pb-project"; name = OCMock.xcodeproj; path = Vendor/OCMock/Source/OCMock.xcodeproj; sourceTree = SOURCE_ROOT; };
		8BAFE2AD1B0E103A003FB8F5 /* Photos.framework */ = {isa = PBXFileReference; lastKnownFileType = wrapper.framework; name = Photos.framework; path = System/Library/Frameworks/Photos.framework; sourceTree = SDKROOT; };
		8BAFE2F11B0E1BDD003FB8F5 /* ReactiveCocoa.framework */ = {isa = PBXFileReference; lastKnownFileType = wrapper.framework; name = ReactiveCocoa.framework; path = "../ReactiveCocoa/build/Debug-iphoneos/ReactiveCocoa.framework"; sourceTree = "<group>"; };
		8BAFE36A1B1476C9003FB8F5 /* PTNProgress.h */ = {isa = PBXFileReference; fileEncoding = 4; lastKnownFileType = sourcecode.c.h; path = PTNProgress.h; sourceTree = "<group>"; };
		8BAFE36B1B1476C9003FB8F5 /* PTNProgress.m */ = {isa = PBXFileReference; fileEncoding = 4; lastKnownFileType = sourcecode.c.objc; path = PTNProgress.m; sourceTree = "<group>"; };
		8BAFE37A1B14C0AD003FB8F5 /* RACStream+Photons.h */ = {isa = PBXFileReference; fileEncoding = 4; lastKnownFileType = sourcecode.c.h; path = "RACStream+Photons.h"; sourceTree = "<group>"; };
		8BAFE37B1B14C0AD003FB8F5 /* RACStream+Photons.m */ = {isa = PBXFileReference; fileEncoding = 4; lastKnownFileType = sourcecode.c.objc; path = "RACStream+Photons.m"; sourceTree = "<group>"; };
		8BCF57FC1BCC0858001EE2ED /* LTTestUtils.h */ = {isa = PBXFileReference; fileEncoding = 4; lastKnownFileType = sourcecode.c.h; name = LTTestUtils.h; path = LTKit/LTKit/LTKitTests/LTTestUtils.h; sourceTree = SOURCE_ROOT; };
		8BCF57FD1BCC0858001EE2ED /* LTTestUtils.mm */ = {isa = PBXFileReference; fileEncoding = 4; lastKnownFileType = sourcecode.cpp.objcpp; name = LTTestUtils.mm; path = LTKit/LTKit/LTKitTests/LTTestUtils.mm; sourceTree = SOURCE_ROOT; };
		8BCF58551BCD0A74001EE2ED /* PTNImageMetadataSpec.mm */ = {isa = PBXFileReference; fileEncoding = 4; lastKnownFileType = sourcecode.cpp.objcpp; path = PTNImageMetadataSpec.mm; sourceTree = "<group>"; };
		8BCF585E1BCD25AB001EE2ED /* PTNImageMetadataDown.jpg */ = {isa = PBXFileReference; lastKnownFileType = image.jpeg; name = PTNImageMetadataDown.jpg; path = Resources/PTNImageMetadataDown.jpg; sourceTree = "<group>"; };
		8BCF585F1BCD25AB001EE2ED /* PTNImageMetadataDownMirrored.jpg */ = {isa = PBXFileReference; lastKnownFileType = image.jpeg; name = PTNImageMetadataDownMirrored.jpg; path = Resources/PTNImageMetadataDownMirrored.jpg; sourceTree = "<group>"; };
		8BCF58601BCD25AB001EE2ED /* PTNImageMetadataImage.jpg */ = {isa = PBXFileReference; lastKnownFileType = image.jpeg; name = PTNImageMetadataImage.jpg; path = Resources/PTNImageMetadataImage.jpg; sourceTree = "<group>"; };
		8BCF58611BCD25AB001EE2ED /* PTNImageMetadataLeft.jpg */ = {isa = PBXFileReference; lastKnownFileType = image.jpeg; name = PTNImageMetadataLeft.jpg; path = Resources/PTNImageMetadataLeft.jpg; sourceTree = "<group>"; };
		8BCF58621BCD25AB001EE2ED /* PTNImageMetadataLeftMirrored.jpg */ = {isa = PBXFileReference; lastKnownFileType = image.jpeg; name = PTNImageMetadataLeftMirrored.jpg; path = Resources/PTNImageMetadataLeftMirrored.jpg; sourceTree = "<group>"; };
		8BCF58631BCD25AB001EE2ED /* PTNImageMetadataRight.jpg */ = {isa = PBXFileReference; lastKnownFileType = image.jpeg; name = PTNImageMetadataRight.jpg; path = Resources/PTNImageMetadataRight.jpg; sourceTree = "<group>"; };
		8BCF58641BCD25AB001EE2ED /* PTNImageMetadataRightMirrored.jpg */ = {isa = PBXFileReference; lastKnownFileType = image.jpeg; name = PTNImageMetadataRightMirrored.jpg; path = Resources/PTNImageMetadataRightMirrored.jpg; sourceTree = "<group>"; };
		8BCF58651BCD25AB001EE2ED /* PTNImageMetadataUp.jpg */ = {isa = PBXFileReference; lastKnownFileType = image.jpeg; name = PTNImageMetadataUp.jpg; path = Resources/PTNImageMetadataUp.jpg; sourceTree = "<group>"; };
		8BCF58661BCD25AB001EE2ED /* PTNImageMetadataUpMirrored.jpg */ = {isa = PBXFileReference; lastKnownFileType = image.jpeg; name = PTNImageMetadataUpMirrored.jpg; path = Resources/PTNImageMetadataUpMirrored.jpg; sourceTree = "<group>"; };
		8BF1359E1B79E5B300F4D0B3 /* PTNPhotoKitTestUtils.h */ = {isa = PBXFileReference; fileEncoding = 4; lastKnownFileType = sourcecode.c.h; path = PTNPhotoKitTestUtils.h; sourceTree = "<group>"; };
		8BF1359F1B79E5B300F4D0B3 /* PTNPhotoKitTestUtils.m */ = {isa = PBXFileReference; fileEncoding = 4; lastKnownFileType = sourcecode.c.objc; path = PTNPhotoKitTestUtils.m; sourceTree = "<group>"; };
		8BF135B81B79E7A800F4D0B3 /* PTNPhotoKitFakeFetcher.h */ = {isa = PBXFileReference; fileEncoding = 4; lastKnownFileType = sourcecode.c.h; path = PTNPhotoKitFakeFetcher.h; sourceTree = "<group>"; };
		8BF135B91B79E7A800F4D0B3 /* PTNPhotoKitFakeFetcher.m */ = {isa = PBXFileReference; fileEncoding = 4; lastKnownFileType = sourcecode.c.objc; path = PTNPhotoKitFakeFetcher.m; sourceTree = "<group>"; };
/* End PBXFileReference section */

/* Begin PBXFrameworksBuildPhase section */
		8B2FD0261AF9F79000757B1F /* Frameworks */ = {
			isa = PBXFrameworksBuildPhase;
			buildActionMask = 2147483647;
			files = (
				8BAFE2AF1B0E1537003FB8F5 /* Photons.framework in Frameworks */,
				8BAFE2AB1B0E0F6C003FB8F5 /* ReactiveCocoa.framework in Frameworks */,
				8BAFE2981B0E0BC9003FB8F5 /* Expecta.framework in Frameworks */,
				8BAFE2991B0E0BC9003FB8F5 /* Specta.framework in Frameworks */,
				8B16A8A61BCBFCA8006DAAA7 /* libc++.tbd in Frameworks */,
				8B16A8A41BCBFBFA006DAAA7 /* libLTKit.a in Frameworks */,
				8BAFE2AA1B0E0CCA003FB8F5 /* libOCMock.a in Frameworks */,
			);
			runOnlyForDeploymentPostprocessing = 0;
		};
		8BAFDC901B0DED4C003FB8F5 /* Frameworks */ = {
			isa = PBXFrameworksBuildPhase;
			buildActionMask = 2147483647;
			files = (
				8BCF57D11BCC0692001EE2ED /* libc++.tbd in Frameworks */,
				8BCF57D01BCC068E001EE2ED /* libLTKit.a in Frameworks */,
				8BAFE2F21B0E1BDD003FB8F5 /* ReactiveCocoa.framework in Frameworks */,
			);
			runOnlyForDeploymentPostprocessing = 0;
		};
/* End PBXFrameworksBuildPhase section */

/* Begin PBXGroup section */
		49F615BDE58178359DAFCD59 /* Frameworks */ = {
			isa = PBXGroup;
			children = (
				8B16A8A51BCBFCA8006DAAA7 /* libc++.tbd */,
				8BAFE2F11B0E1BDD003FB8F5 /* ReactiveCocoa.framework */,
				8BAFE2AD1B0E103A003FB8F5 /* Photos.framework */,
			);
			name = Frameworks;
			sourceTree = "<group>";
		};
		8B16A87D1BCBF599006DAAA7 /* Products */ = {
			isa = PBXGroup;
			children = (
				8B16A88D1BCBF59A006DAAA7 /* libLTKit.a */,
				8B16A88F1BCBF59A006DAAA7 /* LTKitTests.xctest */,
			);
			name = Products;
			sourceTree = "<group>";
		};
		8B2FD0151AF9F79000757B1F = {
			isa = PBXGroup;
			children = (
				8B2FD0201AF9F79000757B1F /* Photons */,
				8B2FD02D1AF9F79000757B1F /* PhotonsTests */,
				8BAFDCCB1B0E0B53003FB8F5 /* Libraries */,
				8B2FD01F1AF9F79000757B1F /* Products */,
				49F615BDE58178359DAFCD59 /* Frameworks */,
			);
			sourceTree = "<group>";
		};
		8B2FD01F1AF9F79000757B1F /* Products */ = {
			isa = PBXGroup;
			children = (
				8B2FD0291AF9F79000757B1F /* PhotonsTests.xctest */,
				8BAFDC941B0DED4C003FB8F5 /* Photons.framework */,
			);
			name = Products;
			sourceTree = "<group>";
		};
		8B2FD0201AF9F79000757B1F /* Photons */ = {
			isa = PBXGroup;
			children = (
				8BAFDC981B0DED4C003FB8F5 /* Photons.h */,
				8B2FD0711AFA0B5100757B1F /* Base */,
				8BAFE3791B14C090003FB8F5 /* Extensions */,
				8B2FD0721AFA0B5800757B1F /* PhotoKit */,
				8B2FD0381AF9F92300757B1F /* Supporting Files */,
			);
			path = Photons;
			sourceTree = "<group>";
		};
		8B2FD02D1AF9F79000757B1F /* PhotonsTests */ = {
			isa = PBXGroup;
			children = (
				8B2FD06B1AF9FEDD00757B1F /* Tests */,
				8BCF585B1BCD2350001EE2ED /* Resources */,
				8B2FD0A71B08F20400757B1F /* Libraries */,
				8B2FD02E1AF9F79000757B1F /* Supporting Files */,
			);
			path = PhotonsTests;
			sourceTree = "<group>";
		};
		8B2FD02E1AF9F79000757B1F /* Supporting Files */ = {
			isa = PBXGroup;
			children = (
				8B2FD02F1AF9F79000757B1F /* Info.plist */,
				8B2FD06E1AF9FF2200757B1F /* PhotonsTests-Prefix.pch */,
			);
			name = "Supporting Files";
			sourceTree = "<group>";
		};
		8B2FD0381AF9F92300757B1F /* Supporting Files */ = {
			isa = PBXGroup;
			children = (
				8BAFDC971B0DED4C003FB8F5 /* Info.plist */,
				8B2FD0391AF9F93A00757B1F /* Photons-Prefix.pch */,
			);
			name = "Supporting Files";
			sourceTree = "<group>";
		};
		8B2FD06B1AF9FEDD00757B1F /* Tests */ = {
			isa = PBXGroup;
			children = (
				8B5619421B6508DB006B0DA0 /* Base */,
				8B5619611B65420F006B0DA0 /* Extensions */,
				8B2FD0951B04D60900757B1F /* PhotoKit */,
			);
			name = Tests;
			sourceTree = "<group>";
		};
		8B2FD0711AFA0B5100757B1F /* Base */ = {
			isa = PBXGroup;
			children = (
				8B2FD0E81B0B2DC200757B1F /* NSError+Photons.h */,
				8B2FD0E91B0B2DC200757B1F /* NSError+Photons.m */,
				8B16A8A21BCBF6E5006DAAA7 /* NSErrorCodes+Photons.h */,
				8B2FD0761AFA0BDE00757B1F /* PTNAlbum.h */,
				8B3832161B57D6FE00620560 /* PTNAlbumChangeset.h */,
				8B3832171B57D6FE00620560 /* PTNAlbumChangeset.m */,
				8B3832301B5B89BD00620560 /* PTNAlbumChangesetMove.h */,
				8B3832311B5B89BD00620560 /* PTNAlbumChangesetMove.m */,
				8B2FD07B1AFB4EB900757B1F /* PTNAssetManager.h */,
				8B2FD07A1AFB4CE900757B1F /* PTNCollection.h */,
				8BAB95271B82361600B25392 /* PTNImageContentMode.h */,
				8BAFDC421B0CC431003FB8F5 /* PTNImageFetchOptions.h */,
				8BAFDC431B0CC431003FB8F5 /* PTNImageFetchOptions.m */,
				8B2404971B8493C70079B724 /* PTNImageMetadata.h */,
				8B2404961B8493C70079B724 /* PTNImageMetadata.m */,
				8BAB95231B8234F600B25392 /* PTNImageResizer.h */,
				8BAB95241B8234F600B25392 /* PTNImageResizer.m */,
				8B2FD0851B00E81100757B1F /* PTNObject.h */,
				8BAFE36A1B1476C9003FB8F5 /* PTNProgress.h */,
				8BAFE36B1B1476C9003FB8F5 /* PTNProgress.m */,
			);
			name = Base;
			sourceTree = "<group>";
		};
		8B2FD0721AFA0B5800757B1F /* PhotoKit */ = {
			isa = PBXGroup;
			children = (
				8B2FD0891B00E9B200757B1F /* NSURL+PhotoKit.h */,
				8B2FD08A1B00E9B200757B1F /* NSURL+PhotoKit.m */,
				8B2FD0861B00E8A500757B1F /* PhotoKit+Photons.h */,
				8B2FD0871B00E8A500757B1F /* PhotoKit+Photons.m */,
				8B3832341B5B8FC200620560 /* PTNAlbumChangeset+PhotoKit.h */,
				8B3832351B5B8FC200620560 /* PTNAlbumChangeset+PhotoKit.m */,
				8BAFDC4D1B0DC6B9003FB8F5 /* PTNImageFetchOptions+PhotoKit.h */,
				8BAFDC4E1B0DC6B9003FB8F5 /* PTNImageFetchOptions+PhotoKit.m */,
				8B2FD0821B00E2ED00757B1F /* PTNPhotoKitAlbum.h */,
				8B2FD0831B00E2ED00757B1F /* PTNPhotoKitAlbum.m */,
				8B2FD0E51B0A0FD000757B1F /* PTNPhotoKitAlbumType.h */,
				8B2FD0E61B0A0FD000757B1F /* PTNPhotoKitAlbumType.m */,
				8B2FD07C1AFB809B00757B1F /* PTNPhotoKitAssetManager.h */,
				8B2FD07D1AFB809B00757B1F /* PTNPhotoKitAssetManager.m */,
				8B2FD08F1B01059B00757B1F /* PTNPhotoKitFetcher.h */,
				8B2FD0901B01059B00757B1F /* PTNPhotoKitFetcher.m */,
				8B5619941B663FAB006B0DA0 /* PTNPhotoKitImageManager.h */,
				8B2FD0921B01067700757B1F /* PTNPhotoKitObserver.h */,
				8B2FD0931B01067700757B1F /* PTNPhotoKitObserver.m */,
			);
			name = PhotoKit;
			sourceTree = "<group>";
		};
		8B2FD0951B04D60900757B1F /* PhotoKit */ = {
			isa = PBXGroup;
			children = (
				8B56195D1B65113F006B0DA0 /* PTNAlbumChangeset+PhotoKitSpec.m */,
				8B5619691B66098B006B0DA0 /* PTNPhotoKitAlbumSpec.m */,
				8B2FD0E31B09DDA700757B1F /* PTNPhotoKitAssetManagerSpec.m */,
				8BF135B81B79E7A800F4D0B3 /* PTNPhotoKitFakeFetcher.h */,
				8BF135B91B79E7A800F4D0B3 /* PTNPhotoKitFakeFetcher.m */,
				8BAB934F1B7A0EF900B25392 /* PTNPhotoKitFakeObserver.h */,
				8BAB93501B7A0EF900B25392 /* PTNPhotoKitFakeObserver.m */,
				8B5619951B664182006B0DA0 /* PTNPhotoKitFakeImageManager.h */,
				8B5619961B664182006B0DA0 /* PTNPhotoKitFakeImageManager.m */,
				8B56198F1B661387006B0DA0 /* PTNImageFetchOptions+PhotoKitSpec.m */,
				8B2FD0961B04D62B00757B1F /* PTNPhotoKitObserverSpec.m */,
				8BF1359E1B79E5B300F4D0B3 /* PTNPhotoKitTestUtils.h */,
				8BF1359F1B79E5B300F4D0B3 /* PTNPhotoKitTestUtils.m */,
				8B2FD0EB1B0B494A00757B1F /* NSURL+PhotoKitSpec.m */,
			);
			name = PhotoKit;
			sourceTree = "<group>";
		};
		8B2FD0A71B08F20400757B1F /* Libraries */ = {
			isa = PBXGroup;
			children = (
				8BAFE2681B0E0BB0003FB8F5 /* Expecta.xcodeproj */,
				8BAFE2831B0E0BBE003FB8F5 /* Specta.xcodeproj */,
				8BAFE29A1B0E0C7F003FB8F5 /* OCMock.xcodeproj */,
				8B2FD0AA1B09CD0800757B1F /* LLReactiveMatchers */,
				8BCF57E21BCC0844001EE2ED /* LTTestUtils */,
			);
			name = Libraries;
			sourceTree = "<group>";
		};
		8B2FD0AA1B09CD0800757B1F /* LLReactiveMatchers */ = {
			isa = PBXGroup;
			children = (
				8B2FD0AB1B09CD0800757B1F /* Helpers */,
				8B2FD0B21B09CD0800757B1F /* LLReactiveMatchers-Prefix.pch */,
				8B2FD0B31B09CD0800757B1F /* LLReactiveMatchers.h */,
				8B2FD0B41B09CD0800757B1F /* LLReactiveMatchersHelpers.h */,
				8B2FD0B51B09CD0800757B1F /* LLReactiveMatchersHelpers.m */,
				8B2FD0B61B09CD0800757B1F /* LLReactiveMatchersImports.h */,
				8B2FD0B71B09CD0800757B1F /* LLReactiveMatchersMessageBuilder.h */,
				8B2FD0B81B09CD0800757B1F /* LLReactiveMatchersMessageBuilder.m */,
				8B2FD0B91B09CD0800757B1F /* Matchers */,
			);
			name = LLReactiveMatchers;
			path = Vendor/LLReactiveMatchers/LLReactiveMatchers;
			sourceTree = SOURCE_ROOT;
		};
		8B2FD0AB1B09CD0800757B1F /* Helpers */ = {
			isa = PBXGroup;
			children = (
				8B2FD0AC1B09CD0800757B1F /* EXPExpect+LLReactiveMatchersExtensions.h */,
				8B2FD0AD1B09CD0800757B1F /* EXPExpect+LLReactiveMatchersExtensions.m */,
				8B2FD0AE1B09CD0800757B1F /* LLSignalTestRecorder.h */,
				8B2FD0AF1B09CD0800757B1F /* LLSignalTestRecorder.m */,
				8B2FD0B01B09CD0800757B1F /* RACSignal+LLSubscriptionCounting.h */,
				8B2FD0B11B09CD0800757B1F /* RACSignal+LLSubscriptionCounting.m */,
			);
			path = Helpers;
			sourceTree = "<group>";
		};
		8B2FD0B91B09CD0800757B1F /* Matchers */ = {
			isa = PBXGroup;
			children = (
				8B2FD0BA1B09CD0800757B1F /* EXPMatchers+beSubscribedTo.h */,
				8B2FD0BB1B09CD0800757B1F /* EXPMatchers+beSubscribedTo.m */,
				8B2FD0BC1B09CD0800757B1F /* EXPMatchers+complete.h */,
				8B2FD0BD1B09CD0800757B1F /* EXPMatchers+complete.m */,
				8B2FD0BE1B09CD0800757B1F /* EXPMatchers+error.h */,
				8B2FD0BF1B09CD0800757B1F /* EXPMatchers+error.m */,
				8B2FD0C01B09CD0800757B1F /* EXPMatchers+finish.h */,
				8B2FD0C11B09CD0800757B1F /* EXPMatchers+finish.m */,
				8B2FD0C21B09CD0800757B1F /* EXPMatchers+matchError.h */,
				8B2FD0C31B09CD0800757B1F /* EXPMatchers+matchError.m */,
				8B2FD0C41B09CD0800757B1F /* EXPMatchers+matchValue.h */,
				8B2FD0C51B09CD0800757B1F /* EXPMatchers+matchValue.m */,
				8B2FD0C61B09CD0800757B1F /* EXPMatchers+matchValues.h */,
				8B2FD0C71B09CD0800757B1F /* EXPMatchers+matchValues.m */,
				8B2FD0C81B09CD0800757B1F /* EXPMatchers+sendError.h */,
				8B2FD0C91B09CD0800757B1F /* EXPMatchers+sendError.m */,
				8B2FD0CA1B09CD0800757B1F /* EXPMatchers+sendEvents.h */,
				8B2FD0CB1B09CD0800757B1F /* EXPMatchers+sendEvents.m */,
				8B2FD0CC1B09CD0800757B1F /* EXPMatchers+sendValues.h */,
				8B2FD0CD1B09CD0800757B1F /* EXPMatchers+sendValues.m */,
				8B2FD0CE1B09CD0800757B1F /* EXPMatchers+sendValuesWithCount.h */,
				8B2FD0CF1B09CD0800757B1F /* EXPMatchers+sendValuesWithCount.m */,
			);
			path = Matchers;
			sourceTree = "<group>";
		};
		8B5619421B6508DB006B0DA0 /* Base */ = {
			isa = PBXGroup;
			children = (
				8B5619591B6508E6006B0DA0 /* PTNAlbumChangesetSpec.m */,
				8B56195B1B650A4A006B0DA0 /* PTNAlbumChangesetMoveSpec.m */,
				8B5619761B6612C3006B0DA0 /* PTNImageFetchOptionsSpec.m */,
				8BCF58551BCD0A74001EE2ED /* PTNImageMetadataSpec.mm */,
				8B16A8761BCBF3E9006DAAA7 /* PTNImageResizerSpec.mm */,
				8B5619671B654515006B0DA0 /* PTNProgressSpec.m */,
			);
			name = Base;
			sourceTree = "<group>";
		};
		8B5619611B65420F006B0DA0 /* Extensions */ = {
			isa = PBXGroup;
			children = (
				8B992D181B78A28700B7836B /* RACSignal+PhotonsSpec.m */,
				8B5619651B654227006B0DA0 /* RACStream+PhotonsSpec.m */,
			);
			name = Extensions;
			sourceTree = "<group>";
		};
		8BAFDCCB1B0E0B53003FB8F5 /* Libraries */ = {
			isa = PBXGroup;
			children = (
				8B16A87C1BCBF599006DAAA7 /* LTKit.xcodeproj */,
				8BAFE2561B0E0B6F003FB8F5 /* ReactiveCocoa.xcodeproj */,
			);
			name = Libraries;
			sourceTree = "<group>";
		};
		8BAFE2571B0E0B6F003FB8F5 /* Products */ = {
			isa = PBXGroup;
			children = (
				8BAFE25E1B0E0B70003FB8F5 /* ReactiveCocoa.framework */,
				8BAFE2601B0E0B70003FB8F5 /* ReactiveCocoa-MacTests.xctest */,
				8BAFE2621B0E0B70003FB8F5 /* ReactiveCocoa.framework */,
				8BAFE2641B0E0B70003FB8F5 /* ReactiveCocoa-iOSTests.xctest */,
			);
			name = Products;
			sourceTree = "<group>";
		};
		8BAFE2691B0E0BB0003FB8F5 /* Products */ = {
			isa = PBXGroup;
			children = (
				8BAFE2741B0E0BB0003FB8F5 /* Expecta.framework */,
				8BAFE2761B0E0BB0003FB8F5 /* Expecta.framework */,
				8BAFE2781B0E0BB0003FB8F5 /* ExpectaTests.xctest */,
				8BAFE27A1B0E0BB0003FB8F5 /* Expecta-iOSTests.xctest */,
				8BAFE27C1B0E0BB0003FB8F5 /* libExpecta.a */,
				8BAFE27E1B0E0BB0003FB8F5 /* libExpecta.a */,
				8BAFE2801B0E0BB0003FB8F5 /* libExpectaTests.xctest */,
				8BAFE2821B0E0BB0003FB8F5 /* libExpecta-iOSTests.xctest */,
			);
			name = Products;
			sourceTree = "<group>";
		};
		8BAFE2841B0E0BBE003FB8F5 /* Products */ = {
			isa = PBXGroup;
			children = (
				8BAFE28D1B0E0BBF003FB8F5 /* Specta.framework */,
				8BAFE28F1B0E0BBF003FB8F5 /* SpectaTests.xctest */,
				8BAFE2911B0E0BBF003FB8F5 /* Specta.framework */,
				8BAFE2931B0E0BBF003FB8F5 /* Specta-iOSTests.xctest */,
				8BAFE2951B0E0BBF003FB8F5 /* libSpecta.a */,
				8BAFE2971B0E0BBF003FB8F5 /* libSpecta.a */,
			);
			name = Products;
			sourceTree = "<group>";
		};
		8BAFE29B1B0E0C7F003FB8F5 /* Products */ = {
			isa = PBXGroup;
			children = (
				8BAFE2A21B0E0C7F003FB8F5 /* OCMock.framework */,
				8BAFE2A41B0E0C7F003FB8F5 /* OCMockTests.xctest */,
				8BAFE2A61B0E0C7F003FB8F5 /* libOCMock.a */,
				8BAFE2A81B0E0C7F003FB8F5 /* OCMockLibTests.xctest */,
				8B5619641B65420F006B0DA0 /* OCMock.framework */,
			);
			name = Products;
			sourceTree = "<group>";
		};
		8BAFE3791B14C090003FB8F5 /* Extensions */ = {
			isa = PBXGroup;
			children = (
				8B992CFD1B78A0EE00B7836B /* RACSignal+Photons.h */,
				8B992CFE1B78A0EE00B7836B /* RACSignal+Photons.m */,
				8BAFE37A1B14C0AD003FB8F5 /* RACStream+Photons.h */,
				8BAFE37B1B14C0AD003FB8F5 /* RACStream+Photons.m */,
			);
			name = Extensions;
			sourceTree = "<group>";
		};
		8BCF57E21BCC0844001EE2ED /* LTTestUtils */ = {
			isa = PBXGroup;
			children = (
				8BCF57FC1BCC0858001EE2ED /* LTTestUtils.h */,
				8BCF57FD1BCC0858001EE2ED /* LTTestUtils.mm */,
			);
			name = LTTestUtils;
			sourceTree = "<group>";
		};
		8BCF585B1BCD2350001EE2ED /* Resources */ = {
			isa = PBXGroup;
			children = (
				8BCF585E1BCD25AB001EE2ED /* PTNImageMetadataDown.jpg */,
				8BCF585F1BCD25AB001EE2ED /* PTNImageMetadataDownMirrored.jpg */,
				8BCF58601BCD25AB001EE2ED /* PTNImageMetadataImage.jpg */,
				8BCF58611BCD25AB001EE2ED /* PTNImageMetadataLeft.jpg */,
				8BCF58621BCD25AB001EE2ED /* PTNImageMetadataLeftMirrored.jpg */,
				8BCF58631BCD25AB001EE2ED /* PTNImageMetadataRight.jpg */,
				8BCF58641BCD25AB001EE2ED /* PTNImageMetadataRightMirrored.jpg */,
				8BCF58651BCD25AB001EE2ED /* PTNImageMetadataUp.jpg */,
				8BCF58661BCD25AB001EE2ED /* PTNImageMetadataUpMirrored.jpg */,
			);
			name = Resources;
			sourceTree = "<group>";
		};
/* End PBXGroup section */

/* Begin PBXHeadersBuildPhase section */
		8BAFDC911B0DED4C003FB8F5 /* Headers */ = {
			isa = PBXHeadersBuildPhase;
			buildActionMask = 2147483647;
			files = (
				8BAFDC991B0DED4C003FB8F5 /* Photons.h in Headers */,
				8BAFDCBF1B0DF781003FB8F5 /* PTNAlbum.h in Headers */,
				8B3832181B57D6FE00620560 /* PTNAlbumChangeset.h in Headers */,
				8B3832321B5B89BD00620560 /* PTNAlbumChangesetMove.h in Headers */,
				8BCF58571BCD0AE2001EE2ED /* PTNImageMetadata.h in Headers */,
				8BAFDCC01B0DF781003FB8F5 /* PTNAssetManager.h in Headers */,
				8BAB95281B8239B400B25392 /* PTNImageContentMode.h in Headers */,
				8B992CFF1B78A0EE00B7836B /* RACSignal+Photons.h in Headers */,
				8BAFDCC11B0DF781003FB8F5 /* PTNCollection.h in Headers */,
				8BAFE2AC1B0E0FF9003FB8F5 /* PTNImageFetchOptions.h in Headers */,
				8BAFDCC21B0DF781003FB8F5 /* PTNObject.h in Headers */,
				8BAFDCC41B0DF792003FB8F5 /* PTNPhotoKitFetcher.h in Headers */,
				8BAFDCC51B0DF792003FB8F5 /* PTNPhotoKitObserver.h in Headers */,
				8BAFDCC61B0DF792003FB8F5 /* PTNPhotoKitAlbum.h in Headers */,
				8BAFE2B01B0E15BB003FB8F5 /* PTNPhotoKitAlbumType.h in Headers */,
				8BAB95251B8234F600B25392 /* PTNImageResizer.h in Headers */,
				8B992D281B78A9C200B7836B /* PTNPhotoKitImageManager.h in Headers */,
				8BAFDCC71B0DF792003FB8F5 /* PTNPhotoKitAssetManager.h in Headers */,
				8BAFE36C1B1476C9003FB8F5 /* PTNProgress.h in Headers */,
				8B16A8A31BCBFB33006DAAA7 /* NSErrorCodes+Photons.h in Headers */,
				8BAFE2F31B0E1CD4003FB8F5 /* NSURL+PhotoKit.h in Headers */,
				8B56195F1B65151B006B0DA0 /* PTNAlbumChangeset+PhotoKit.h in Headers */,
				8B5619601B65151F006B0DA0 /* PTNImageFetchOptions+PhotoKit.h in Headers */,
			);
			runOnlyForDeploymentPostprocessing = 0;
		};
/* End PBXHeadersBuildPhase section */

/* Begin PBXNativeTarget section */
		8B2FD0281AF9F79000757B1F /* PhotonsTests */ = {
			isa = PBXNativeTarget;
			buildConfigurationList = 8B2FD0351AF9F79000757B1F /* Build configuration list for PBXNativeTarget "PhotonsTests" */;
			buildPhases = (
				8B2FD0251AF9F79000757B1F /* Sources */,
				8B2FD0261AF9F79000757B1F /* Frameworks */,
				8B2FD0271AF9F79000757B1F /* Resources */,
			);
			buildRules = (
			);
			dependencies = (
				8BAFDCAE1B0DED5D003FB8F5 /* PBXTargetDependency */,
			);
			name = PhotonsTests;
			productName = PhotonsTests;
			productReference = 8B2FD0291AF9F79000757B1F /* PhotonsTests.xctest */;
			productType = "com.apple.product-type.bundle.unit-test";
		};
		8BAFDC931B0DED4C003FB8F5 /* Photons */ = {
			isa = PBXNativeTarget;
			buildConfigurationList = 8BAFDCA71B0DED4C003FB8F5 /* Build configuration list for PBXNativeTarget "Photons" */;
			buildPhases = (
				8BAFDC8F1B0DED4C003FB8F5 /* Sources */,
				8BAFDC901B0DED4C003FB8F5 /* Frameworks */,
				8BAFDC911B0DED4C003FB8F5 /* Headers */,
				8BAFDC921B0DED4C003FB8F5 /* Resources */,
			);
			buildRules = (
			);
			dependencies = (
			);
			name = Photons;
			productName = Photons;
			productReference = 8BAFDC941B0DED4C003FB8F5 /* Photons.framework */;
			productType = "com.apple.product-type.framework";
		};
/* End PBXNativeTarget section */

/* Begin PBXProject section */
		8B2FD0161AF9F79000757B1F /* Project object */ = {
			isa = PBXProject;
			attributes = {
				LastUpgradeCheck = 0700;
				ORGANIZATIONNAME = Lightricks;
				TargetAttributes = {
					8B2FD0281AF9F79000757B1F = {
						CreatedOnToolsVersion = 6.3.1;
					};
					8BAFDC931B0DED4C003FB8F5 = {
						CreatedOnToolsVersion = 6.3.1;
					};
				};
			};
			buildConfigurationList = 8B2FD0191AF9F79000757B1F /* Build configuration list for PBXProject "Photons" */;
			compatibilityVersion = "Xcode 3.2";
			developmentRegion = English;
			hasScannedForEncodings = 0;
			knownRegions = (
				en,
			);
			mainGroup = 8B2FD0151AF9F79000757B1F;
			productRefGroup = 8B2FD01F1AF9F79000757B1F /* Products */;
			projectDirPath = "";
			projectReferences = (
				{
					ProductGroup = 8BAFE2691B0E0BB0003FB8F5 /* Products */;
					ProjectRef = 8BAFE2681B0E0BB0003FB8F5 /* Expecta.xcodeproj */;
				},
				{
					ProductGroup = 8B16A87D1BCBF599006DAAA7 /* Products */;
					ProjectRef = 8B16A87C1BCBF599006DAAA7 /* LTKit.xcodeproj */;
				},
				{
					ProductGroup = 8BAFE29B1B0E0C7F003FB8F5 /* Products */;
					ProjectRef = 8BAFE29A1B0E0C7F003FB8F5 /* OCMock.xcodeproj */;
				},
				{
					ProductGroup = 8BAFE2571B0E0B6F003FB8F5 /* Products */;
					ProjectRef = 8BAFE2561B0E0B6F003FB8F5 /* ReactiveCocoa.xcodeproj */;
				},
				{
					ProductGroup = 8BAFE2841B0E0BBE003FB8F5 /* Products */;
					ProjectRef = 8BAFE2831B0E0BBE003FB8F5 /* Specta.xcodeproj */;
				},
			);
			projectRoot = "";
			targets = (
				8BAFDC931B0DED4C003FB8F5 /* Photons */,
				8B2FD0281AF9F79000757B1F /* PhotonsTests */,
			);
		};
/* End PBXProject section */

/* Begin PBXReferenceProxy section */
		8B16A88D1BCBF59A006DAAA7 /* libLTKit.a */ = {
			isa = PBXReferenceProxy;
			fileType = archive.ar;
			path = libLTKit.a;
			remoteRef = 8B16A88C1BCBF59A006DAAA7 /* PBXContainerItemProxy */;
			sourceTree = BUILT_PRODUCTS_DIR;
		};
		8B16A88F1BCBF59A006DAAA7 /* LTKitTests.xctest */ = {
			isa = PBXReferenceProxy;
			fileType = wrapper.cfbundle;
			path = LTKitTests.xctest;
			remoteRef = 8B16A88E1BCBF59A006DAAA7 /* PBXContainerItemProxy */;
			sourceTree = BUILT_PRODUCTS_DIR;
		};
		8B5619641B65420F006B0DA0 /* OCMock.framework */ = {
			isa = PBXReferenceProxy;
			fileType = wrapper.framework;
			path = OCMock.framework;
			remoteRef = 8B5619631B65420F006B0DA0 /* PBXContainerItemProxy */;
			sourceTree = BUILT_PRODUCTS_DIR;
		};
		8BAFE25E1B0E0B70003FB8F5 /* ReactiveCocoa.framework */ = {
			isa = PBXReferenceProxy;
			fileType = wrapper.framework;
			path = ReactiveCocoa.framework;
			remoteRef = 8BAFE25D1B0E0B70003FB8F5 /* PBXContainerItemProxy */;
			sourceTree = BUILT_PRODUCTS_DIR;
		};
		8BAFE2601B0E0B70003FB8F5 /* ReactiveCocoa-MacTests.xctest */ = {
			isa = PBXReferenceProxy;
			fileType = wrapper.cfbundle;
			path = "ReactiveCocoa-MacTests.xctest";
			remoteRef = 8BAFE25F1B0E0B70003FB8F5 /* PBXContainerItemProxy */;
			sourceTree = BUILT_PRODUCTS_DIR;
		};
		8BAFE2621B0E0B70003FB8F5 /* ReactiveCocoa.framework */ = {
			isa = PBXReferenceProxy;
			fileType = wrapper.framework;
			path = ReactiveCocoa.framework;
			remoteRef = 8BAFE2611B0E0B70003FB8F5 /* PBXContainerItemProxy */;
			sourceTree = BUILT_PRODUCTS_DIR;
		};
		8BAFE2641B0E0B70003FB8F5 /* ReactiveCocoa-iOSTests.xctest */ = {
			isa = PBXReferenceProxy;
			fileType = wrapper.cfbundle;
			path = "ReactiveCocoa-iOSTests.xctest";
			remoteRef = 8BAFE2631B0E0B70003FB8F5 /* PBXContainerItemProxy */;
			sourceTree = BUILT_PRODUCTS_DIR;
		};
		8BAFE2741B0E0BB0003FB8F5 /* Expecta.framework */ = {
			isa = PBXReferenceProxy;
			fileType = wrapper.framework;
			path = Expecta.framework;
			remoteRef = 8BAFE2731B0E0BB0003FB8F5 /* PBXContainerItemProxy */;
			sourceTree = BUILT_PRODUCTS_DIR;
		};
		8BAFE2761B0E0BB0003FB8F5 /* Expecta.framework */ = {
			isa = PBXReferenceProxy;
			fileType = wrapper.framework;
			path = Expecta.framework;
			remoteRef = 8BAFE2751B0E0BB0003FB8F5 /* PBXContainerItemProxy */;
			sourceTree = BUILT_PRODUCTS_DIR;
		};
		8BAFE2781B0E0BB0003FB8F5 /* ExpectaTests.xctest */ = {
			isa = PBXReferenceProxy;
			fileType = wrapper.cfbundle;
			path = ExpectaTests.xctest;
			remoteRef = 8BAFE2771B0E0BB0003FB8F5 /* PBXContainerItemProxy */;
			sourceTree = BUILT_PRODUCTS_DIR;
		};
		8BAFE27A1B0E0BB0003FB8F5 /* Expecta-iOSTests.xctest */ = {
			isa = PBXReferenceProxy;
			fileType = wrapper.cfbundle;
			path = "Expecta-iOSTests.xctest";
			remoteRef = 8BAFE2791B0E0BB0003FB8F5 /* PBXContainerItemProxy */;
			sourceTree = BUILT_PRODUCTS_DIR;
		};
		8BAFE27C1B0E0BB0003FB8F5 /* libExpecta.a */ = {
			isa = PBXReferenceProxy;
			fileType = archive.ar;
			path = libExpecta.a;
			remoteRef = 8BAFE27B1B0E0BB0003FB8F5 /* PBXContainerItemProxy */;
			sourceTree = BUILT_PRODUCTS_DIR;
		};
		8BAFE27E1B0E0BB0003FB8F5 /* libExpecta.a */ = {
			isa = PBXReferenceProxy;
			fileType = archive.ar;
			path = libExpecta.a;
			remoteRef = 8BAFE27D1B0E0BB0003FB8F5 /* PBXContainerItemProxy */;
			sourceTree = BUILT_PRODUCTS_DIR;
		};
		8BAFE2801B0E0BB0003FB8F5 /* libExpectaTests.xctest */ = {
			isa = PBXReferenceProxy;
			fileType = wrapper.cfbundle;
			path = libExpectaTests.xctest;
			remoteRef = 8BAFE27F1B0E0BB0003FB8F5 /* PBXContainerItemProxy */;
			sourceTree = BUILT_PRODUCTS_DIR;
		};
		8BAFE2821B0E0BB0003FB8F5 /* libExpecta-iOSTests.xctest */ = {
			isa = PBXReferenceProxy;
			fileType = wrapper.cfbundle;
			path = "libExpecta-iOSTests.xctest";
			remoteRef = 8BAFE2811B0E0BB0003FB8F5 /* PBXContainerItemProxy */;
			sourceTree = BUILT_PRODUCTS_DIR;
		};
		8BAFE28D1B0E0BBF003FB8F5 /* Specta.framework */ = {
			isa = PBXReferenceProxy;
			fileType = wrapper.framework;
			path = Specta.framework;
			remoteRef = 8BAFE28C1B0E0BBF003FB8F5 /* PBXContainerItemProxy */;
			sourceTree = BUILT_PRODUCTS_DIR;
		};
		8BAFE28F1B0E0BBF003FB8F5 /* SpectaTests.xctest */ = {
			isa = PBXReferenceProxy;
			fileType = wrapper.cfbundle;
			path = SpectaTests.xctest;
			remoteRef = 8BAFE28E1B0E0BBF003FB8F5 /* PBXContainerItemProxy */;
			sourceTree = BUILT_PRODUCTS_DIR;
		};
		8BAFE2911B0E0BBF003FB8F5 /* Specta.framework */ = {
			isa = PBXReferenceProxy;
			fileType = wrapper.framework;
			path = Specta.framework;
			remoteRef = 8BAFE2901B0E0BBF003FB8F5 /* PBXContainerItemProxy */;
			sourceTree = BUILT_PRODUCTS_DIR;
		};
		8BAFE2931B0E0BBF003FB8F5 /* Specta-iOSTests.xctest */ = {
			isa = PBXReferenceProxy;
			fileType = wrapper.cfbundle;
			path = "Specta-iOSTests.xctest";
			remoteRef = 8BAFE2921B0E0BBF003FB8F5 /* PBXContainerItemProxy */;
			sourceTree = BUILT_PRODUCTS_DIR;
		};
		8BAFE2951B0E0BBF003FB8F5 /* libSpecta.a */ = {
			isa = PBXReferenceProxy;
			fileType = archive.ar;
			path = libSpecta.a;
			remoteRef = 8BAFE2941B0E0BBF003FB8F5 /* PBXContainerItemProxy */;
			sourceTree = BUILT_PRODUCTS_DIR;
		};
		8BAFE2971B0E0BBF003FB8F5 /* libSpecta.a */ = {
			isa = PBXReferenceProxy;
			fileType = archive.ar;
			path = libSpecta.a;
			remoteRef = 8BAFE2961B0E0BBF003FB8F5 /* PBXContainerItemProxy */;
			sourceTree = BUILT_PRODUCTS_DIR;
		};
		8BAFE2A21B0E0C7F003FB8F5 /* OCMock.framework */ = {
			isa = PBXReferenceProxy;
			fileType = wrapper.framework;
			path = OCMock.framework;
			remoteRef = 8BAFE2A11B0E0C7F003FB8F5 /* PBXContainerItemProxy */;
			sourceTree = BUILT_PRODUCTS_DIR;
		};
		8BAFE2A41B0E0C7F003FB8F5 /* OCMockTests.xctest */ = {
			isa = PBXReferenceProxy;
			fileType = wrapper.cfbundle;
			path = OCMockTests.xctest;
			remoteRef = 8BAFE2A31B0E0C7F003FB8F5 /* PBXContainerItemProxy */;
			sourceTree = BUILT_PRODUCTS_DIR;
		};
		8BAFE2A61B0E0C7F003FB8F5 /* libOCMock.a */ = {
			isa = PBXReferenceProxy;
			fileType = archive.ar;
			path = libOCMock.a;
			remoteRef = 8BAFE2A51B0E0C7F003FB8F5 /* PBXContainerItemProxy */;
			sourceTree = BUILT_PRODUCTS_DIR;
		};
		8BAFE2A81B0E0C7F003FB8F5 /* OCMockLibTests.xctest */ = {
			isa = PBXReferenceProxy;
			fileType = wrapper.cfbundle;
			path = OCMockLibTests.xctest;
			remoteRef = 8BAFE2A71B0E0C7F003FB8F5 /* PBXContainerItemProxy */;
			sourceTree = BUILT_PRODUCTS_DIR;
		};
/* End PBXReferenceProxy section */

/* Begin PBXResourcesBuildPhase section */
		8B2FD0271AF9F79000757B1F /* Resources */ = {
			isa = PBXResourcesBuildPhase;
			buildActionMask = 2147483647;
			files = (
				8BCF586D1BCD25AB001EE2ED /* PTNImageMetadataRightMirrored.jpg in Resources */,
				8BCF586B1BCD25AB001EE2ED /* PTNImageMetadataLeftMirrored.jpg in Resources */,
				8BCF58681BCD25AB001EE2ED /* PTNImageMetadataDownMirrored.jpg in Resources */,
				8BCF586C1BCD25AB001EE2ED /* PTNImageMetadataRight.jpg in Resources */,
				8BCF586F1BCD25AB001EE2ED /* PTNImageMetadataUpMirrored.jpg in Resources */,
				8BCF58691BCD25AB001EE2ED /* PTNImageMetadataImage.jpg in Resources */,
				8BCF586E1BCD25AB001EE2ED /* PTNImageMetadataUp.jpg in Resources */,
				8BCF586A1BCD25AB001EE2ED /* PTNImageMetadataLeft.jpg in Resources */,
				8BCF58671BCD25AB001EE2ED /* PTNImageMetadataDown.jpg in Resources */,
			);
			runOnlyForDeploymentPostprocessing = 0;
		};
		8BAFDC921B0DED4C003FB8F5 /* Resources */ = {
			isa = PBXResourcesBuildPhase;
			buildActionMask = 2147483647;
			files = (
			);
			runOnlyForDeploymentPostprocessing = 0;
		};
/* End PBXResourcesBuildPhase section */

/* Begin PBXSourcesBuildPhase section */
		8B2FD0251AF9F79000757B1F /* Sources */ = {
			isa = PBXSourcesBuildPhase;
			buildActionMask = 2147483647;
			files = (
				8B56195E1B65113F006B0DA0 /* PTNAlbumChangeset+PhotoKitSpec.m in Sources */,
				8B992D191B78A28700B7836B /* RACSignal+PhotonsSpec.m in Sources */,
				8B2FD0DB1B09CD0800757B1F /* EXPMatchers+matchValues.m in Sources */,
				8B2FD0DC1B09CD0800757B1F /* EXPMatchers+sendError.m in Sources */,
				8B2FD0E41B09DDA700757B1F /* PTNPhotoKitAssetManagerSpec.m in Sources */,
				8B16A8771BCBF3E9006DAAA7 /* PTNImageResizerSpec.mm in Sources */,
				8B2FD0D21B09CD0800757B1F /* RACSignal+LLSubscriptionCounting.m in Sources */,
				8B5619971B664182006B0DA0 /* PTNPhotoKitFakeImageManager.m in Sources */,
				8B2FD0D61B09CD0800757B1F /* EXPMatchers+complete.m in Sources */,
				8B56195C1B650A4A006B0DA0 /* PTNAlbumChangesetMoveSpec.m in Sources */,
				8BCF57FE1BCC0858001EE2ED /* LTTestUtils.mm in Sources */,
				8B5619771B6612C3006B0DA0 /* PTNImageFetchOptionsSpec.m in Sources */,
				8BF135A01B79E5B300F4D0B3 /* PTNPhotoKitTestUtils.m in Sources */,
				8B2FD0DD1B09CD0800757B1F /* EXPMatchers+sendEvents.m in Sources */,
				8BAB93511B7A0EF900B25392 /* PTNPhotoKitFakeObserver.m in Sources */,
				8B2FD0D91B09CD0800757B1F /* EXPMatchers+matchError.m in Sources */,
				8B2FD0EC1B0B494A00757B1F /* NSURL+PhotoKitSpec.m in Sources */,
				8BF135BA1B79E7A800F4D0B3 /* PTNPhotoKitFakeFetcher.m in Sources */,
				8B2FD0D11B09CD0800757B1F /* LLSignalTestRecorder.m in Sources */,
				8B2FD0DA1B09CD0800757B1F /* EXPMatchers+matchValue.m in Sources */,
				8B2FD0D31B09CD0800757B1F /* LLReactiveMatchersHelpers.m in Sources */,
				8BCF58561BCD0A74001EE2ED /* PTNImageMetadataSpec.mm in Sources */,
				8B2FD0D41B09CD0800757B1F /* LLReactiveMatchersMessageBuilder.m in Sources */,
				8B56195A1B6508E6006B0DA0 /* PTNAlbumChangesetSpec.m in Sources */,
				8B5619901B661387006B0DA0 /* PTNImageFetchOptions+PhotoKitSpec.m in Sources */,
				8B2FD0D71B09CD0800757B1F /* EXPMatchers+error.m in Sources */,
				8B2FD0D01B09CD0800757B1F /* EXPExpect+LLReactiveMatchersExtensions.m in Sources */,
				8B2FD0DF1B09CD0800757B1F /* EXPMatchers+sendValuesWithCount.m in Sources */,
				8B2FD0DE1B09CD0800757B1F /* EXPMatchers+sendValues.m in Sources */,
				8B2FD0D81B09CD0800757B1F /* EXPMatchers+finish.m in Sources */,
				8B5619681B654515006B0DA0 /* PTNProgressSpec.m in Sources */,
				8B5619661B654227006B0DA0 /* RACStream+PhotonsSpec.m in Sources */,
				8B56196A1B66098B006B0DA0 /* PTNPhotoKitAlbumSpec.m in Sources */,
				8B2FD0971B04D62B00757B1F /* PTNPhotoKitObserverSpec.m in Sources */,
				8B2FD0D51B09CD0800757B1F /* EXPMatchers+beSubscribedTo.m in Sources */,
			);
			runOnlyForDeploymentPostprocessing = 0;
		};
		8BAFDC8F1B0DED4C003FB8F5 /* Sources */ = {
			isa = PBXSourcesBuildPhase;
			buildActionMask = 2147483647;
			files = (
				8BAFDCB01B0DEE2B003FB8F5 /* NSError+Photons.m in Sources */,
				8BAFDCB11B0DEE2B003FB8F5 /* PTNImageFetchOptions.m in Sources */,
				8BCF58581BCD0B73001EE2ED /* PTNImageMetadata.m in Sources */,
				8BAFDCB21B0DEE2B003FB8F5 /* PhotoKit+Photons.m in Sources */,
				8B3832191B57D6FE00620560 /* PTNAlbumChangeset.m in Sources */,
				8BAFDCB31B0DEE2B003FB8F5 /* PTNImageFetchOptions+PhotoKit.m in Sources */,
				8BAFDCB41B0DEE2B003FB8F5 /* PTNPhotoKitAlbumType.m in Sources */,
				8B3832371B5B8FC200620560 /* PTNAlbumChangeset+PhotoKit.m in Sources */,
				8B3832331B5B89BD00620560 /* PTNAlbumChangesetMove.m in Sources */,
				8BAB95261B8234F600B25392 /* PTNImageResizer.m in Sources */,
				8B992D001B78A0EE00B7836B /* RACSignal+Photons.m in Sources */,
				8BAFDCB51B0DEE2B003FB8F5 /* PTNPhotoKitFetcher.m in Sources */,
				8BAFE36D1B1476C9003FB8F5 /* PTNProgress.m in Sources */,
				8BAFDCB61B0DEE2B003FB8F5 /* PTNPhotoKitObserver.m in Sources */,
				8BAFE37D1B14C0AD003FB8F5 /* RACStream+Photons.m in Sources */,
				8BAFDCB71B0DEE2B003FB8F5 /* PTNPhotoKitAlbum.m in Sources */,
				8BAFDCB81B0DEE2B003FB8F5 /* PTNPhotoKitAssetManager.m in Sources */,
				8BAFDCB91B0DEE2B003FB8F5 /* NSURL+PhotoKit.m in Sources */,
			);
			runOnlyForDeploymentPostprocessing = 0;
		};
/* End PBXSourcesBuildPhase section */

/* Begin PBXTargetDependency section */
		8BAFDCAE1B0DED5D003FB8F5 /* PBXTargetDependency */ = {
			isa = PBXTargetDependency;
			target = 8BAFDC931B0DED4C003FB8F5 /* Photons */;
			targetProxy = 8BAFDCAD1B0DED5D003FB8F5 /* PBXContainerItemProxy */;
		};
/* End PBXTargetDependency section */

/* Begin XCBuildConfiguration section */
		8B2FD0301AF9F79000757B1F /* Debug */ = {
			isa = XCBuildConfiguration;
			buildSettings = {
				ALWAYS_SEARCH_USER_PATHS = NO;
				CLANG_CXX_LANGUAGE_STANDARD = "gnu++0x";
				CLANG_CXX_LIBRARY = "libc++";
				CLANG_ENABLE_MODULES = YES;
				CLANG_ENABLE_OBJC_ARC = YES;
				CLANG_WARN_BOOL_CONVERSION = YES;
				CLANG_WARN_CONSTANT_CONVERSION = YES;
				CLANG_WARN_DIRECT_OBJC_ISA_USAGE = YES_ERROR;
				CLANG_WARN_EMPTY_BODY = YES;
				CLANG_WARN_ENUM_CONVERSION = YES;
				CLANG_WARN_INT_CONVERSION = YES;
				CLANG_WARN_OBJC_ROOT_CLASS = YES_ERROR;
				CLANG_WARN_UNREACHABLE_CODE = YES;
				CLANG_WARN__DUPLICATE_METHOD_MATCH = YES;
				COPY_PHASE_STRIP = NO;
				DEBUG_INFORMATION_FORMAT = "dwarf-with-dsym";
				ENABLE_STRICT_OBJC_MSGSEND = YES;
				ENABLE_TESTABILITY = YES;
				GCC_C_LANGUAGE_STANDARD = gnu99;
				GCC_DYNAMIC_NO_PIC = NO;
				GCC_NO_COMMON_BLOCKS = YES;
				GCC_OPTIMIZATION_LEVEL = 0;
				GCC_PREPROCESSOR_DEFINITIONS = (
					"DEBUG=1",
					"$(inherited)",
				);
				GCC_SYMBOLS_PRIVATE_EXTERN = NO;
				GCC_WARN_64_TO_32_BIT_CONVERSION = YES;
				GCC_WARN_ABOUT_RETURN_TYPE = YES_ERROR;
				GCC_WARN_UNDECLARED_SELECTOR = YES;
				GCC_WARN_UNINITIALIZED_AUTOS = YES_AGGRESSIVE;
				GCC_WARN_UNUSED_FUNCTION = YES;
				GCC_WARN_UNUSED_VARIABLE = YES;
				HEADER_SEARCH_PATHS = "$(SRCROOT)/LTKit/LTKit";
				IPHONEOS_DEPLOYMENT_TARGET = 8.3;
				MTL_ENABLE_DEBUG_INFO = YES;
				ONLY_ACTIVE_ARCH = YES;
				OTHER_CFLAGS = (
					"-Wall",
					"-Wextra",
				);
				OTHER_LDFLAGS = "-ObjC";
				RUN_CLANG_STATIC_ANALYZER = YES;
				SDKROOT = iphoneos;
			};
			name = Debug;
		};
		8B2FD0311AF9F79000757B1F /* Release */ = {
			isa = XCBuildConfiguration;
			buildSettings = {
				ALWAYS_SEARCH_USER_PATHS = NO;
				CLANG_CXX_LANGUAGE_STANDARD = "gnu++0x";
				CLANG_CXX_LIBRARY = "libc++";
				CLANG_ENABLE_MODULES = YES;
				CLANG_ENABLE_OBJC_ARC = YES;
				CLANG_WARN_BOOL_CONVERSION = YES;
				CLANG_WARN_CONSTANT_CONVERSION = YES;
				CLANG_WARN_DIRECT_OBJC_ISA_USAGE = YES_ERROR;
				CLANG_WARN_EMPTY_BODY = YES;
				CLANG_WARN_ENUM_CONVERSION = YES;
				CLANG_WARN_INT_CONVERSION = YES;
				CLANG_WARN_OBJC_ROOT_CLASS = YES_ERROR;
				CLANG_WARN_UNREACHABLE_CODE = YES;
				CLANG_WARN__DUPLICATE_METHOD_MATCH = YES;
				COPY_PHASE_STRIP = NO;
				DEBUG_INFORMATION_FORMAT = "dwarf-with-dsym";
				ENABLE_NS_ASSERTIONS = NO;
				ENABLE_STRICT_OBJC_MSGSEND = YES;
				GCC_C_LANGUAGE_STANDARD = gnu99;
				GCC_NO_COMMON_BLOCKS = YES;
				GCC_WARN_64_TO_32_BIT_CONVERSION = YES;
				GCC_WARN_ABOUT_RETURN_TYPE = YES_ERROR;
				GCC_WARN_UNDECLARED_SELECTOR = YES;
				GCC_WARN_UNINITIALIZED_AUTOS = YES_AGGRESSIVE;
				GCC_WARN_UNUSED_FUNCTION = YES;
				GCC_WARN_UNUSED_VARIABLE = YES;
				HEADER_SEARCH_PATHS = "$(SRCROOT)/LTKit/LTKit";
				IPHONEOS_DEPLOYMENT_TARGET = 8.3;
				MTL_ENABLE_DEBUG_INFO = NO;
				OTHER_CFLAGS = (
					"-Wall",
					"-Wextra",
				);
				OTHER_LDFLAGS = "-ObjC";
				RUN_CLANG_STATIC_ANALYZER = YES;
				SDKROOT = iphoneos;
				VALIDATE_PRODUCT = YES;
			};
			name = Release;
		};
		8B2FD0361AF9F79000757B1F /* Debug */ = {
			isa = XCBuildConfiguration;
			buildSettings = {
				"CODE_SIGN_IDENTITY[sdk=iphoneos*]" = "iPhone Developer";
				GCC_PRECOMPILE_PREFIX_HEADER = YES;
				GCC_PREFIX_HEADER = "PhotonsTests/PhotonsTests-Prefix.pch";
				GCC_PREPROCESSOR_DEFINITIONS = (
					"DEBUG=1",
					"$(inherited)",
				);
				HEADER_SEARCH_PATHS = (
					"$(inherited)",
					"\"$(SRCROOT)/Vendor/LLReactiveMatchers\"",
					"\"$(SRCROOT)/Vendor/LLReactiveMatchers/LLReactiveMatchers\"/**",
					"\"$(SRCROOT)/Vendor/OCMock/Source\"",
					"\"$(SRCROOT)/Vendor/Specta/Specta\"",
				);
				INFOPLIST_FILE = PhotonsTests/Info.plist;
				LD_RUNPATH_SEARCH_PATHS = "$(inherited) @executable_path/Frameworks @loader_path/Frameworks";
				PRODUCT_BUNDLE_IDENTIFIER = "com.lightricks.$(PRODUCT_NAME:rfc1034identifier)";
				PRODUCT_NAME = "$(TARGET_NAME)";
			};
			name = Debug;
		};
		8B2FD0371AF9F79000757B1F /* Release */ = {
			isa = XCBuildConfiguration;
			buildSettings = {
				"CODE_SIGN_IDENTITY[sdk=iphoneos*]" = "iPhone Developer";
				GCC_PRECOMPILE_PREFIX_HEADER = YES;
				GCC_PREFIX_HEADER = "PhotonsTests/PhotonsTests-Prefix.pch";
				HEADER_SEARCH_PATHS = (
					"$(inherited)",
					"\"$(SRCROOT)/Vendor/LLReactiveMatchers\"",
					"\"$(SRCROOT)/Vendor/LLReactiveMatchers/LLReactiveMatchers\"/**",
					"\"$(SRCROOT)/Vendor/OCMock/Source\"",
					"\"$(SRCROOT)/Vendor/Specta/Specta\"",
				);
				INFOPLIST_FILE = PhotonsTests/Info.plist;
				LD_RUNPATH_SEARCH_PATHS = "$(inherited) @executable_path/Frameworks @loader_path/Frameworks";
				PRODUCT_BUNDLE_IDENTIFIER = "com.lightricks.$(PRODUCT_NAME:rfc1034identifier)";
				PRODUCT_NAME = "$(TARGET_NAME)";
			};
			name = Release;
		};
		8BAFDCA81B0DED4C003FB8F5 /* Debug */ = {
			isa = XCBuildConfiguration;
			buildSettings = {
				"CODE_SIGN_IDENTITY[sdk=iphoneos*]" = "iPhone Developer";
				CURRENT_PROJECT_VERSION = 1;
				DEFINES_MODULE = YES;
				DYLIB_COMPATIBILITY_VERSION = 1;
				DYLIB_CURRENT_VERSION = 1;
				DYLIB_INSTALL_NAME_BASE = "@rpath";
				GCC_PRECOMPILE_PREFIX_HEADER = YES;
				GCC_PREFIX_HEADER = "Photons/Photons-Prefix.pch";
				GCC_PREPROCESSOR_DEFINITIONS = (
					"DEBUG=1",
					"$(inherited)",
				);
				INFOPLIST_FILE = Photons/Info.plist;
				INSTALL_PATH = "$(LOCAL_LIBRARY_DIR)/Frameworks";
				LD_RUNPATH_SEARCH_PATHS = "$(inherited) @executable_path/Frameworks @loader_path/Frameworks";
				PRODUCT_BUNDLE_IDENTIFIER = "com.lightricks.$(PRODUCT_NAME:rfc1034identifier)";
				PRODUCT_NAME = "$(TARGET_NAME)";
				SKIP_INSTALL = YES;
				TARGETED_DEVICE_FAMILY = "1,2";
				VERSIONING_SYSTEM = "apple-generic";
				VERSION_INFO_PREFIX = "";
			};
			name = Debug;
		};
		8BAFDCA91B0DED4C003FB8F5 /* Release */ = {
			isa = XCBuildConfiguration;
			buildSettings = {
				"CODE_SIGN_IDENTITY[sdk=iphoneos*]" = "iPhone Developer";
				CURRENT_PROJECT_VERSION = 1;
				DEFINES_MODULE = YES;
				DYLIB_COMPATIBILITY_VERSION = 1;
				DYLIB_CURRENT_VERSION = 1;
				DYLIB_INSTALL_NAME_BASE = "@rpath";
				GCC_PRECOMPILE_PREFIX_HEADER = YES;
				GCC_PREFIX_HEADER = "Photons/Photons-Prefix.pch";
				INFOPLIST_FILE = Photons/Info.plist;
				INSTALL_PATH = "$(LOCAL_LIBRARY_DIR)/Frameworks";
				LD_RUNPATH_SEARCH_PATHS = "$(inherited) @executable_path/Frameworks @loader_path/Frameworks";
				PRODUCT_BUNDLE_IDENTIFIER = "com.lightricks.$(PRODUCT_NAME:rfc1034identifier)";
				PRODUCT_NAME = "$(TARGET_NAME)";
				SKIP_INSTALL = YES;
				TARGETED_DEVICE_FAMILY = "1,2";
				VERSIONING_SYSTEM = "apple-generic";
				VERSION_INFO_PREFIX = "";
			};
			name = Release;
		};
/* End XCBuildConfiguration section */

/* Begin XCConfigurationList section */
		8B2FD0191AF9F79000757B1F /* Build configuration list for PBXProject "Photons" */ = {
			isa = XCConfigurationList;
			buildConfigurations = (
				8B2FD0301AF9F79000757B1F /* Debug */,
				8B2FD0311AF9F79000757B1F /* Release */,
			);
			defaultConfigurationIsVisible = 0;
			defaultConfigurationName = Release;
		};
		8B2FD0351AF9F79000757B1F /* Build configuration list for PBXNativeTarget "PhotonsTests" */ = {
			isa = XCConfigurationList;
			buildConfigurations = (
				8B2FD0361AF9F79000757B1F /* Debug */,
				8B2FD0371AF9F79000757B1F /* Release */,
			);
			defaultConfigurationIsVisible = 0;
			defaultConfigurationName = Release;
		};
		8BAFDCA71B0DED4C003FB8F5 /* Build configuration list for PBXNativeTarget "Photons" */ = {
			isa = XCConfigurationList;
			buildConfigurations = (
				8BAFDCA81B0DED4C003FB8F5 /* Debug */,
				8BAFDCA91B0DED4C003FB8F5 /* Release */,
			);
			defaultConfigurationIsVisible = 0;
			defaultConfigurationName = Release;
		};
/* End XCConfigurationList section */
	};
	rootObject = 8B2FD0161AF9F79000757B1F /* Project object */;
}
