<?xml version="1.0" encoding="UTF-8"?>
<Scheme
   LastUpgradeVersion = "0930"
   version = "1.3">
   <BuildAction
      parallelizeBuildables = "YES"
      buildImplicitDependencies = "YES">
      <BuildActionEntries>
         <BuildActionEntry
            buildForTesting = "YES"
            buildForRunning = "YES"
            buildForProfiling = "YES"
            buildForArchiving = "NO"
            buildForAnalyzing = "YES">
            <BuildableReference
               BuildableIdentifier = "primary"
               BlueprintIdentifier = "65BAF4211D48B1A7009BBB6F"
               BuildableName = "Foundations"
               BlueprintName = "Foundations"
               ReferencedContainer = "container:Foundations.xcodeproj">
            </BuildableReference>
         </BuildActionEntry>
         <BuildActionEntry
            buildForTesting = "YES"
            buildForRunning = "NO"
            buildForProfiling = "NO"
            buildForArchiving = "NO"
            buildForAnalyzing = "NO">
            <BuildableReference
               BuildableIdentifier = "primary"
               BlueprintIdentifier = "654B1F091CE22030001F36FA"
               BuildableName = "BazaarTests.xctest"
               BlueprintName = "BazaarTests"
               ReferencedContainer = "container:../Bazaar/Bazaar.xcodeproj">
            </BuildableReference>
         </BuildActionEntry>
         <BuildActionEntry
            buildForTesting = "YES"
            buildForRunning = "NO"
            buildForProfiling = "NO"
            buildForArchiving = "NO"
            buildForAnalyzing = "NO">
            <BuildableReference
               BuildableIdentifier = "primary"
               BlueprintIdentifier = "83FF06F11CD7272F00383C6B"
               BuildableName = "CameraTests.xctest"
               BlueprintName = "CameraTests"
               ReferencedContainer = "container:../Camera/Camera.xcodeproj">
            </BuildableReference>
         </BuildActionEntry>
         <BuildActionEntry
            buildForTesting = "YES"
            buildForRunning = "NO"
            buildForProfiling = "NO"
            buildForArchiving = "NO"
            buildForAnalyzing = "NO">
            <BuildableReference
               BuildableIdentifier = "primary"
               BlueprintIdentifier = "83B728FA1CD8D2080090C0BF"
               BuildableName = "CameraUITests.xctest"
               BlueprintName = "CameraUITests"
               ReferencedContainer = "container:../CameraUI/CameraUI.xcodeproj">
            </BuildableReference>
         </BuildActionEntry>
         <BuildActionEntry
            buildForTesting = "YES"
            buildForRunning = "NO"
            buildForProfiling = "NO"
            buildForArchiving = "NO"
            buildForAnalyzing = "NO">
            <BuildableReference
               BuildableIdentifier = "primary"
               BlueprintIdentifier = "2501547F1D1AE92900420FA9"
               BuildableName = "DaVinciTests.xctest"
               BlueprintName = "DaVinciTests"
               ReferencedContainer = "container:../DaVinci/DaVinci.xcodeproj">
            </BuildableReference>
         </BuildActionEntry>
         <BuildActionEntry
            buildForTesting = "YES"
            buildForRunning = "NO"
            buildForProfiling = "NO"
            buildForArchiving = "NO"
            buildForAnalyzing = "NO">
            <BuildableReference
               BuildableIdentifier = "primary"
               BlueprintIdentifier = "65C62B851D0474D4000FCE99"
               BuildableName = "FiberTests.xctest"
               BlueprintName = "FiberTests"
               ReferencedContainer = "container:../Fiber/Fiber.xcodeproj">
            </BuildableReference>
         </BuildActionEntry>
         <BuildActionEntry
            buildForTesting = "YES"
            buildForRunning = "NO"
            buildForProfiling = "NO"
            buildForArchiving = "NO"
            buildForAnalyzing = "NO">
            <BuildableReference
               BuildableIdentifier = "primary"
               BlueprintIdentifier = "8B3DEBF318296B6100EA0C1A"
               BuildableName = "LTEngineTests.xctest"
               BlueprintName = "LTEngineTests"
               ReferencedContainer = "container:../LTEngine/LTEngine.xcodeproj">
            </BuildableReference>
         </BuildActionEntry>
         <BuildActionEntry
            buildForTesting = "YES"
            buildForRunning = "NO"
            buildForProfiling = "NO"
            buildForArchiving = "NO"
            buildForAnalyzing = "NO">
            <BuildableReference
               BuildableIdentifier = "primary"
               BlueprintIdentifier = "8B3DEBF318296B6100EA0C1A"
               BuildableName = "LTKitTests.xctest"
               BlueprintName = "LTKitTests"
               ReferencedContainer = "container:../LTKit/LTKit.xcodeproj">
            </BuildableReference>
         </BuildActionEntry>
         <BuildActionEntry
            buildForTesting = "YES"
            buildForRunning = "NO"
            buildForProfiling = "NO"
            buildForArchiving = "NO"
            buildForAnalyzing = "NO">
            <BuildableReference
               BuildableIdentifier = "primary"
               BlueprintIdentifier = "8B2FD0281AF9F79000757B1F"
               BuildableName = "PhotonsTests.xctest"
               BlueprintName = "PhotonsTests"
               ReferencedContainer = "container:../Photons/Photons.xcodeproj">
            </BuildableReference>
         </BuildActionEntry>
         <BuildActionEntry
            buildForTesting = "YES"
            buildForRunning = "NO"
            buildForProfiling = "NO"
            buildForArchiving = "NO"
            buildForAnalyzing = "NO">
            <BuildableReference
               BuildableIdentifier = "primary"
               BlueprintIdentifier = "848E000C1C591DD1001D8368"
               BuildableName = "PhotonsUITests.xctest"
               BlueprintName = "PhotonsUITests"
               ReferencedContainer = "container:../PhotonsUI/PhotonsUI.xcodeproj">
            </BuildableReference>
         </BuildActionEntry>
         <BuildActionEntry
            buildForTesting = "YES"
            buildForRunning = "NO"
            buildForProfiling = "NO"
            buildForArchiving = "NO"
            buildForAnalyzing = "NO">
            <BuildableReference
               BuildableIdentifier = "primary"
               BlueprintIdentifier = "8B283E6F1CBA814100B745AE"
               BuildableName = "WireframesTests.xctest"
               BlueprintName = "WireframesTests"
               ReferencedContainer = "container:../Wireframes/Wireframes.xcodeproj">
            </BuildableReference>
         </BuildActionEntry>
         <BuildActionEntry
            buildForTesting = "YES"
            buildForRunning = "NO"
            buildForProfiling = "NO"
            buildForArchiving = "NO"
            buildForAnalyzing = "NO">
            <BuildableReference
               BuildableIdentifier = "primary"
               BlueprintIdentifier = "A14171C01E6EAC0D005DBEFF"
               BuildableName = "LaboratoryTests.xctest"
               BlueprintName = "LaboratoryTests"
               ReferencedContainer = "container:../Laboratory/Laboratory.xcodeproj">
            </BuildableReference>
         </BuildActionEntry>
         <BuildActionEntry
            buildForTesting = "YES"
            buildForRunning = "NO"
            buildForProfiling = "NO"
            buildForArchiving = "NO"
            buildForAnalyzing = "NO">
            <BuildableReference
               BuildableIdentifier = "primary"
               BlueprintIdentifier = "A14171C01E6EAC0D005DBEFF"
               BuildableName = "MilkshakeTests.xctest"
               BlueprintName = "MilkshakeTests"
               ReferencedContainer = "container:../Milkshake/Milkshake.xcodeproj">
            </BuildableReference>
         </BuildActionEntry>
      </BuildActionEntries>
   </BuildAction>
   <TestAction
      buildConfiguration = "Debug"
      selectedDebuggerIdentifier = "Xcode.DebuggerFoundation.Debugger.LLDB"
      selectedLauncherIdentifier = "Xcode.DebuggerFoundation.Launcher.LLDB"
      shouldUseLaunchSchemeArgsEnv = "YES">
      <Testables>
         <TestableReference
            skipped = "NO">
            <BuildableReference
               BuildableIdentifier = "primary"
               BlueprintIdentifier = "654B1F091CE22030001F36FA"
               BuildableName = "BazaarTests.xctest"
               BlueprintName = "BazaarTests"
               ReferencedContainer = "container:../Bazaar/Bazaar.xcodeproj">
            </BuildableReference>
         </TestableReference>
         <TestableReference
            skipped = "NO">
            <BuildableReference
               BuildableIdentifier = "primary"
               BlueprintIdentifier = "8BED80971C3A68290001C6F1"
               BuildableName = "BlueprintsTests.xctest"
               BlueprintName = "BlueprintsTests"
               ReferencedContainer = "container:../Blueprints/Blueprints.xcodeproj">
            </BuildableReference>
         </TestableReference>
         <TestableReference
            skipped = "NO">
            <BuildableReference
               BuildableIdentifier = "primary"
               BlueprintIdentifier = "83FF06F11CD7272F00383C6B"
               BuildableName = "CameraTests.xctest"
               BlueprintName = "CameraTests"
               ReferencedContainer = "container:../Camera/Camera.xcodeproj">
            </BuildableReference>
         </TestableReference>
         <TestableReference
            skipped = "NO">
            <BuildableReference
               BuildableIdentifier = "primary"
               BlueprintIdentifier = "83B728FA1CD8D2080090C0BF"
               BuildableName = "CameraUITests.xctest"
               BlueprintName = "CameraUITests"
               ReferencedContainer = "container:../CameraUI/CameraUI.xcodeproj">
            </BuildableReference>
         </TestableReference>
         <TestableReference
            skipped = "NO">
            <BuildableReference
               BuildableIdentifier = "primary"
               BlueprintIdentifier = "2501547F1D1AE92900420FA9"
               BuildableName = "DaVinciTests.xctest"
               BlueprintName = "DaVinciTests"
               ReferencedContainer = "container:../DaVinci/DaVinci.xcodeproj">
            </BuildableReference>
         </TestableReference>
         <TestableReference
            skipped = "NO">
            <BuildableReference
               BuildableIdentifier = "primary"
               BlueprintIdentifier = "65C62B851D0474D4000FCE99"
               BuildableName = "FiberTests.xctest"
               BlueprintName = "FiberTests"
               ReferencedContainer = "container:../Fiber/Fiber.xcodeproj">
            </BuildableReference>
         </TestableReference>
         <TestableReference
            skipped = "NO">
            <BuildableReference
               BuildableIdentifier = "primary"
               BlueprintIdentifier = "8B3DEBF318296B6100EA0C1A"
               BuildableName = "LTEngineTests.xctest"
               BlueprintName = "LTEngineTests"
               ReferencedContainer = "container:../LTEngine/LTEngine.xcodeproj">
            </BuildableReference>
         </TestableReference>
         <TestableReference
            skipped = "NO">
            <BuildableReference
               BuildableIdentifier = "primary"
               BlueprintIdentifier = "8B3DEBF318296B6100EA0C1A"
               BuildableName = "LTKitTests.xctest"
               BlueprintName = "LTKitTests"
               ReferencedContainer = "container:../LTKit/LTKit.xcodeproj">
            </BuildableReference>
         </TestableReference>
         <TestableReference
            skipped = "NO">
            <BuildableReference
               BuildableIdentifier = "primary"
               BlueprintIdentifier = "8B2FD0281AF9F79000757B1F"
               BuildableName = "PhotonsTests.xctest"
               BlueprintName = "PhotonsTests"
               ReferencedContainer = "container:../Photons/Photons.xcodeproj">
            </BuildableReference>
         </TestableReference>
         <TestableReference
            skipped = "NO">
            <BuildableReference
               BuildableIdentifier = "primary"
               BlueprintIdentifier = "848E000C1C591DD1001D8368"
               BuildableName = "PhotonsUITests.xctest"
               BlueprintName = "PhotonsUITests"
               ReferencedContainer = "container:../PhotonsUI/PhotonsUI.xcodeproj">
            </BuildableReference>
         </TestableReference>
         <TestableReference
            skipped = "NO">
            <BuildableReference
               BuildableIdentifier = "primary"
               BlueprintIdentifier = "8B283E6F1CBA814100B745AE"
               BuildableName = "WireframesTests.xctest"
               BlueprintName = "WireframesTests"
               ReferencedContainer = "container:../Wireframes/Wireframes.xcodeproj">
            </BuildableReference>
         </TestableReference>
         <TestableReference
            skipped = "NO">
            <BuildableReference
               BuildableIdentifier = "primary"
               BlueprintIdentifier = "A14171C01E6EAC0D005DBEFF"
               BuildableName = "IntelligenceTests.xctest"
               BlueprintName = "IntelligenceTests"
               ReferencedContainer = "container:../Intelligence/Intelligence.xcodeproj">
            </BuildableReference>
         </TestableReference>
         <TestableReference
            skipped = "NO">
            <BuildableReference
               BuildableIdentifier = "primary"
               BlueprintIdentifier = "A14171C01E6EAC0D005DBEFF"
               BuildableName = "LaboratoryTests.xctest"
               BlueprintName = "LaboratoryTests"
               ReferencedContainer = "container:../Laboratory/Laboratory.xcodeproj">
            </BuildableReference>
         </TestableReference>
         <TestableReference
            skipped = "NO">
            <BuildableReference
               BuildableIdentifier = "primary"
               BlueprintIdentifier = "A14171C01E6EAC0D005DBEFF"
               BuildableName = "PinkyTests.xctest"
               BlueprintName = "PinkyTests"
               ReferencedContainer = "container:../Pinky/Pinky.xcodeproj">
            </BuildableReference>
         </TestableReference>
         <TestableReference
            skipped = "NO">
            <BuildableReference
               BuildableIdentifier = "primary"
               BlueprintIdentifier = "848E000C1C591DD1001D8368"
               BuildableName = "ShopixTests.xctest"
               BlueprintName = "ShopixTests"
               ReferencedContainer = "container:../Shopix/Shopix.xcodeproj">
            </BuildableReference>
         </TestableReference>
         <TestableReference
            skipped = "NO">
            <BuildableReference
               BuildableIdentifier = "primary"
               BlueprintIdentifier = "A14171C01E6EAC0D005DBEFF"
               BuildableName = "TinCanTests.xctest"
               BlueprintName = "TinCanTests"
               ReferencedContainer = "container:../TinCan/TinCan.xcodeproj">
            </BuildableReference>
         </TestableReference>
         <TestableReference
            skipped = "NO">
            <BuildableReference
               BuildableIdentifier = "primary"
               BlueprintIdentifier = "A14171C01E6EAC0D005DBEFF"
               BuildableName = "MilkshakeTests.xctest"
               BlueprintName = "MilkshakeTests"
               ReferencedContainer = "container:../Milkshake/Milkshake.xcodeproj">
            </BuildableReference>
         </TestableReference>
         <TestableReference
            skipped = "NO">
            <BuildableReference
               BuildableIdentifier = "primary"
               BlueprintIdentifier = "195B36A91FFBB1B000F8DAB4"
               BuildableName = "HelpUITests.xctest"
               BlueprintName = "HelpUITests"
               ReferencedContainer = "container:../HelpUI/HelpUI.xcodeproj">
            </BuildableReference>
         </TestableReference>
      </Testables>
      <MacroExpansion>
         <BuildableReference
            BuildableIdentifier = "primary"
            BlueprintIdentifier = "65BAF4211D48B1A7009BBB6F"
            BuildableName = "Foundations"
            BlueprintName = "Foundations"
            ReferencedContainer = "container:Foundations.xcodeproj">
         </BuildableReference>
      </MacroExpansion>
      <AdditionalOptions>
      </AdditionalOptions>
   </TestAction>
   <LaunchAction
      buildConfiguration = "Debug"
      selectedDebuggerIdentifier = "Xcode.DebuggerFoundation.Debugger.LLDB"
      selectedLauncherIdentifier = "Xcode.DebuggerFoundation.Launcher.LLDB"
      launchStyle = "0"
      useCustomWorkingDirectory = "NO"
      ignoresPersistentStateOnLaunch = "NO"
      debugDocumentVersioning = "YES"
      debugServiceExtension = "internal"
      allowLocationSimulation = "YES">
      <MacroExpansion>
         <BuildableReference
            BuildableIdentifier = "primary"
            BlueprintIdentifier = "65BAF4211D48B1A7009BBB6F"
            BuildableName = "Foundations"
            BlueprintName = "Foundations"
            ReferencedContainer = "container:Foundations.xcodeproj">
         </BuildableReference>
      </MacroExpansion>
      <AdditionalOptions>
      </AdditionalOptions>
   </LaunchAction>
   <ProfileAction
      buildConfiguration = "Release"
      shouldUseLaunchSchemeArgsEnv = "YES"
      savedToolIdentifier = ""
      useCustomWorkingDirectory = "NO"
      debugDocumentVersioning = "YES">
      <MacroExpansion>
         <BuildableReference
            BuildableIdentifier = "primary"
            BlueprintIdentifier = "65BAF4211D48B1A7009BBB6F"
            BuildableName = "Foundations"
            BlueprintName = "Foundations"
            ReferencedContainer = "container:Foundations.xcodeproj">
         </BuildableReference>
      </MacroExpansion>
   </ProfileAction>
   <AnalyzeAction
      buildConfiguration = "Debug">
   </AnalyzeAction>
   <ArchiveAction
      buildConfiguration = "Release"
      revealArchiveInOrganizer = "YES">
   </ArchiveAction>
</Scheme>
