// !$*UTF8*$!
{
	archiveVersion = 1;
	classes = {
	};
	objectVersion = 46;
	objects = {

/* Begin PBXBuildFile section */
		65BB8B711D3D67C5004886DC /* Foundation.framework in Frameworks */ = {isa = PBXBuildFile; fileRef = 65BB8B701D3D67C5004886DC /* Foundation.framework */; };
		65BB8B731D3D67C9004886DC /* UIKit.framework in Frameworks */ = {isa = PBXBuildFile; fileRef = 65BB8B721D3D67C9004886DC /* UIKit.framework */; };
		65CEFBB71D3BF72800402230 /* main.m in Sources */ = {isa = PBXBuildFile; fileRef = 65CEFBB61D3BF72800402230 /* main.m */; };
		65CEFBBA1D3BF72800402230 /* FNDAppDelegate.mm in Sources */ = {isa = PBXBuildFile; fileRef = 65CEFBB91D3BF72800402230 /* FNDAppDelegate.mm */; };
		65CEFBC21D3BF72800402230 /* Assets.xcassets in Resources */ = {isa = PBXBuildFile; fileRef = 65CEFBC11D3BF72800402230 /* Assets.xcassets */; };
		65CEFBC51D3BF72800402230 /* LaunchScreen.storyboard in Resources */ = {isa = PBXBuildFile; fileRef = 65CEFBC31D3BF72800402230 /* LaunchScreen.storyboard */; };
/* End PBXBuildFile section */

/* Begin PBXFileReference section */
		6505A7BA1F9351B2007569C8 /* TestHost.entitlements */ = {isa = PBXFileReference; lastKnownFileType = text.plist.entitlements; path = TestHost.entitlements; sourceTree = "<group>"; };
		6505A7BB1F9352B5007569C8 /* CloudKit.framework */ = {isa = PBXFileReference; lastKnownFileType = wrapper.framework; name = CloudKit.framework; path = System/Library/Frameworks/CloudKit.framework; sourceTree = SDKROOT; };
		652F75DB1D3D429F00EF9256 /* Common.xcconfig */ = {isa = PBXFileReference; fileEncoding = 4; lastKnownFileType = text.xcconfig; path = Common.xcconfig; sourceTree = "<group>"; };
		652F75DD1D3D429F00EF9256 /* Debug.xcconfig */ = {isa = PBXFileReference; fileEncoding = 4; lastKnownFileType = text.xcconfig; path = Debug.xcconfig; sourceTree = "<group>"; };
		652F75DE1D3D429F00EF9256 /* Release.xcconfig */ = {isa = PBXFileReference; fileEncoding = 4; lastKnownFileType = text.xcconfig; path = Release.xcconfig; sourceTree = "<group>"; };
		652F75E21D3D429F00EF9256 /* Application.xcconfig */ = {isa = PBXFileReference; fileEncoding = 4; lastKnownFileType = text.xcconfig; path = Application.xcconfig; sourceTree = "<group>"; };
		652F75E31D3D429F00EF9256 /* Framework.xcconfig */ = {isa = PBXFileReference; fileEncoding = 4; lastKnownFileType = text.xcconfig; path = Framework.xcconfig; sourceTree = "<group>"; };
		652F75E41D3D429F00EF9256 /* StaticLibrary.xcconfig */ = {isa = PBXFileReference; fileEncoding = 4; lastKnownFileType = text.xcconfig; path = StaticLibrary.xcconfig; sourceTree = "<group>"; };
		65BAF4A41D48BD08009BBB6F /* TestHost-Prefix.pch */ = {isa = PBXFileReference; lastKnownFileType = sourcecode.c.h; path = "TestHost-Prefix.pch"; sourceTree = "<group>"; };
		65BB8B701D3D67C5004886DC /* Foundation.framework */ = {isa = PBXFileReference; lastKnownFileType = wrapper.framework; name = Foundation.framework; path = System/Library/Frameworks/Foundation.framework; sourceTree = SDKROOT; };
		65BB8B721D3D67C9004886DC /* UIKit.framework */ = {isa = PBXFileReference; lastKnownFileType = wrapper.framework; name = UIKit.framework; path = System/Library/Frameworks/UIKit.framework; sourceTree = SDKROOT; };
		65CEFBB21D3BF72800402230 /* TestHost.app */ = {isa = PBXFileReference; explicitFileType = wrapper.application; includeInIndex = 0; path = TestHost.app; sourceTree = BUILT_PRODUCTS_DIR; };
		65CEFBB61D3BF72800402230 /* main.m */ = {isa = PBXFileReference; lastKnownFileType = sourcecode.c.objc; path = main.m; sourceTree = "<group>"; };
		65CEFBB81D3BF72800402230 /* FNDAppDelegate.h */ = {isa = PBXFileReference; lastKnownFileType = sourcecode.c.h; path = FNDAppDelegate.h; sourceTree = "<group>"; };
		65CEFBB91D3BF72800402230 /* FNDAppDelegate.mm */ = {isa = PBXFileReference; lastKnownFileType = sourcecode.cpp.objcpp; path = FNDAppDelegate.mm; sourceTree = "<group>"; };
		65CEFBC11D3BF72800402230 /* Assets.xcassets */ = {isa = PBXFileReference; lastKnownFileType = folder.assetcatalog; path = Assets.xcassets; sourceTree = "<group>"; };
		65CEFBC41D3BF72800402230 /* Base */ = {isa = PBXFileReference; lastKnownFileType = file.storyboard; name = Base; path = Base.lproj/LaunchScreen.storyboard; sourceTree = "<group>"; };
		65CEFBC61D3BF72800402230 /* Info.plist */ = {isa = PBXFileReference; lastKnownFileType = text.plist.xml; path = Info.plist; sourceTree = "<group>"; };
/* End PBXFileReference section */

/* Begin PBXFrameworksBuildPhase section */
		65CEFBAF1D3BF72800402230 /* Frameworks */ = {
			isa = PBXFrameworksBuildPhase;
			buildActionMask = 2147483647;
			files = (
				65BB8B711D3D67C5004886DC /* Foundation.framework in Frameworks */,
				65BB8B731D3D67C9004886DC /* UIKit.framework in Frameworks */,
			);
			runOnlyForDeploymentPostprocessing = 0;
		};
/* End PBXFrameworksBuildPhase section */

/* Begin PBXGroup section */
		652F75301D3D1BE600EF9256 /* Resources */ = {
			isa = PBXGroup;
			children = (
				65CEFBC11D3BF72800402230 /* Assets.xcassets */,
			);
			name = Resources;
			sourceTree = "<group>";
		};
		652F75DA1D3D429F00EF9256 /* Configuration */ = {
			isa = PBXGroup;
			children = (
				652F75DC1D3D429F00EF9256 /* Configurations */,
				652F75E11D3D429F00EF9256 /* Targets */,
				652F75DB1D3D429F00EF9256 /* Common.xcconfig */,
			);
			name = Configuration;
			path = ../Configuration;
			sourceTree = "<group>";
		};
		652F75DC1D3D429F00EF9256 /* Configurations */ = {
			isa = PBXGroup;
			children = (
				652F75DD1D3D429F00EF9256 /* Debug.xcconfig */,
				652F75DE1D3D429F00EF9256 /* Release.xcconfig */,
			);
			path = Configurations;
			sourceTree = "<group>";
		};
		652F75E11D3D429F00EF9256 /* Targets */ = {
			isa = PBXGroup;
			children = (
				652F75E21D3D429F00EF9256 /* Application.xcconfig */,
				652F75E31D3D429F00EF9256 /* Framework.xcconfig */,
				652F75E41D3D429F00EF9256 /* StaticLibrary.xcconfig */,
			);
			path = Targets;
			sourceTree = "<group>";
		};
		65BB8B741D3D67E2004886DC /* Frameworks */ = {
			isa = PBXGroup;
			children = (
				6505A7BB1F9352B5007569C8 /* CloudKit.framework */,
				65BB8B701D3D67C5004886DC /* Foundation.framework */,
				65BB8B721D3D67C9004886DC /* UIKit.framework */,
			);
			name = Frameworks;
			sourceTree = "<group>";
		};
		65CEFBA91D3BF72800402230 = {
			isa = PBXGroup;
			children = (
				652F75DA1D3D429F00EF9256 /* Configuration */,
				65CEFBB41D3BF72800402230 /* TestHost */,
				65BB8B741D3D67E2004886DC /* Frameworks */,
				65CEFBB31D3BF72800402230 /* Products */,
			);
			sourceTree = "<group>";
		};
		65CEFBB31D3BF72800402230 /* Products */ = {
			isa = PBXGroup;
			children = (
				65CEFBB21D3BF72800402230 /* TestHost.app */,
			);
			name = Products;
			sourceTree = "<group>";
		};
		65CEFBB41D3BF72800402230 /* TestHost */ = {
			isa = PBXGroup;
			children = (
				652F75301D3D1BE600EF9256 /* Resources */,
				65CEFBB51D3BF72800402230 /* Supporting Files */,
				65CEFBB81D3BF72800402230 /* FNDAppDelegate.h */,
				65CEFBB91D3BF72800402230 /* FNDAppDelegate.mm */,
				6505A7BA1F9351B2007569C8 /* TestHost.entitlements */,
				65CEFBB61D3BF72800402230 /* main.m */,
			);
			path = TestHost;
			sourceTree = "<group>";
		};
		65CEFBB51D3BF72800402230 /* Supporting Files */ = {
			isa = PBXGroup;
			children = (
				65CEFBC61D3BF72800402230 /* Info.plist */,
				65CEFBC31D3BF72800402230 /* LaunchScreen.storyboard */,
				65BAF4A41D48BD08009BBB6F /* TestHost-Prefix.pch */,
			);
			name = "Supporting Files";
			sourceTree = "<group>";
		};
/* End PBXGroup section */

/* Begin PBXNativeTarget section */
		65CEFBB11D3BF72800402230 /* TestHost */ = {
			isa = PBXNativeTarget;
			buildConfigurationList = 65CEFBC91D3BF72800402230 /* Build configuration list for PBXNativeTarget "TestHost" */;
			buildPhases = (
				65CEFBAE1D3BF72800402230 /* Sources */,
				65CEFBAF1D3BF72800402230 /* Frameworks */,
				65CEFBB01D3BF72800402230 /* Resources */,
			);
			buildRules = (
			);
			dependencies = (
			);
			name = TestHost;
			productName = TestHost;
			productReference = 65CEFBB21D3BF72800402230 /* TestHost.app */;
			productType = "com.apple.product-type.application";
		};
/* End PBXNativeTarget section */

/* Begin PBXProject section */
		65CEFBAA1D3BF72800402230 /* Project object */ = {
			isa = PBXProject;
			attributes = {
				LastUpgradeCheck = 0730;
				ORGANIZATIONNAME = Lightricks;
				TargetAttributes = {
					65CEFBB11D3BF72800402230 = {
						CreatedOnToolsVersion = 7.3;
						DevelopmentTeam = KG6GWND6BG;
						ProvisioningStyle = Manual;
						SystemCapabilities = {
							com.apple.iCloud = {
								enabled = 1;
							};
						};
					};
				};
			};
			buildConfigurationList = 65CEFBAD1D3BF72800402230 /* Build configuration list for PBXProject "TestHost" */;
			compatibilityVersion = "Xcode 3.2";
			developmentRegion = English;
			hasScannedForEncodings = 0;
			knownRegions = (
				en,
				Base,
			);
			mainGroup = 65CEFBA91D3BF72800402230;
			productRefGroup = 65CEFBB31D3BF72800402230 /* Products */;
			projectDirPath = "";
			projectRoot = "";
			targets = (
				65CEFBB11D3BF72800402230 /* TestHost */,
			);
		};
/* End PBXProject section */

/* Begin PBXResourcesBuildPhase section */
		65CEFBB01D3BF72800402230 /* Resources */ = {
			isa = PBXResourcesBuildPhase;
			buildActionMask = 2147483647;
			files = (
				65CEFBC51D3BF72800402230 /* LaunchScreen.storyboard in Resources */,
				65CEFBC21D3BF72800402230 /* Assets.xcassets in Resources */,
			);
			runOnlyForDeploymentPostprocessing = 0;
		};
/* End PBXResourcesBuildPhase section */

/* Begin PBXSourcesBuildPhase section */
		65CEFBAE1D3BF72800402230 /* Sources */ = {
			isa = PBXSourcesBuildPhase;
			buildActionMask = 2147483647;
			files = (
				65CEFBBA1D3BF72800402230 /* FNDAppDelegate.mm in Sources */,
				65CEFBB71D3BF72800402230 /* main.m in Sources */,
			);
			runOnlyForDeploymentPostprocessing = 0;
		};
/* End PBXSourcesBuildPhase section */

/* Begin PBXVariantGroup section */
		65CEFBC31D3BF72800402230 /* LaunchScreen.storyboard */ = {
			isa = PBXVariantGroup;
			children = (
				65CEFBC41D3BF72800402230 /* Base */,
			);
			name = LaunchScreen.storyboard;
			sourceTree = "<group>";
		};
/* End PBXVariantGroup section */

/* Begin XCBuildConfiguration section */
		65CEFBC71D3BF72800402230 /* Debug */ = {
			isa = XCBuildConfiguration;
			baseConfigurationReference = 652F75DD1D3D429F00EF9256 /* Debug.xcconfig */;
			buildSettings = {
				"CODE_SIGN_IDENTITY[sdk=iphoneos*]" = "iPhone Developer";
				DEBUG_INFORMATION_FORMAT = dwarf;
				ENABLE_STRICT_OBJC_MSGSEND = YES;
				ENABLE_TESTABILITY = YES;
				GCC_DYNAMIC_NO_PIC = NO;
				IPHONEOS_DEPLOYMENT_TARGET = 10.0;
				MTL_ENABLE_DEBUG_INFO = YES;
				PROVISIONING_PROFILE_SPECIFIER = "TestHost Development Profile";
				TARGETED_DEVICE_FAMILY = "1,2";
			};
			name = Debug;
		};
		65CEFBC81D3BF72800402230 /* Release */ = {
			isa = XCBuildConfiguration;
			baseConfigurationReference = 652F75DE1D3D429F00EF9256 /* Release.xcconfig */;
			buildSettings = {
				"CODE_SIGN_IDENTITY[sdk=iphoneos*]" = "iPhone Developer";
				DEBUG_INFORMATION_FORMAT = "dwarf-with-dsym";
				ENABLE_STRICT_OBJC_MSGSEND = YES;
				IPHONEOS_DEPLOYMENT_TARGET = 10.0;
				MTL_ENABLE_DEBUG_INFO = NO;
				PROVISIONING_PROFILE_SPECIFIER = "TestHost Development Profile";
				TARGETED_DEVICE_FAMILY = "1,2";
			};
			name = Release;
		};
		65CEFBCA1D3BF72800402230 /* Debug */ = {
			isa = XCBuildConfiguration;
			baseConfigurationReference = 652F75E21D3D429F00EF9256 /* Application.xcconfig */;
			buildSettings = {
				ASSETCATALOG_COMPILER_APPICON_NAME = AppIcon;
				CODE_SIGN_ENTITLEMENTS = TestHost/TestHost.entitlements;
				CODE_SIGN_STYLE = Manual;
				DEVELOPMENT_TEAM = KG6GWND6BG;
				GCC_PREFIX_HEADER = "$(SRCROOT)/$(PROJECT_NAME)/$(TARGET_NAME)-Prefix.pch";
				INFOPLIST_FILE = TestHost/Info.plist;
				LD_RUNPATH_SEARCH_PATHS = "$(inherited) @executable_path/Frameworks";
				PRODUCT_BUNDLE_IDENTIFIER = com.lightricks.TestHost;
				PRODUCT_NAME = "$(TARGET_NAME)";
			};
			name = Debug;
		};
		65CEFBCB1D3BF72800402230 /* Release */ = {
			isa = XCBuildConfiguration;
			baseConfigurationReference = 652F75E21D3D429F00EF9256 /* Application.xcconfig */;
			buildSettings = {
				ASSETCATALOG_COMPILER_APPICON_NAME = AppIcon;
				CODE_SIGN_ENTITLEMENTS = TestHost/TestHost.entitlements;
				CODE_SIGN_STYLE = Manual;
				DEVELOPMENT_TEAM = KG6GWND6BG;
				GCC_PREFIX_HEADER = "$(SRCROOT)/$(PROJECT_NAME)/$(TARGET_NAME)-Prefix.pch";
				INFOPLIST_FILE = TestHost/Info.plist;
				LD_RUNPATH_SEARCH_PATHS = "$(inherited) @executable_path/Frameworks";
				PRODUCT_BUNDLE_IDENTIFIER = com.lightricks.TestHost;
				PRODUCT_NAME = "$(TARGET_NAME)";
			};
			name = Release;
		};
/* End XCBuildConfiguration section */

/* Begin XCConfigurationList section */
		65CEFBAD1D3BF72800402230 /* Build configuration list for PBXProject "TestHost" */ = {
			isa = XCConfigurationList;
			buildConfigurations = (
				65CEFBC71D3BF72800402230 /* Debug */,
				65CEFBC81D3BF72800402230 /* Release */,
			);
			defaultConfigurationIsVisible = 0;
			defaultConfigurationName = Release;
		};
		65CEFBC91D3BF72800402230 /* Build configuration list for PBXNativeTarget "TestHost" */ = {
			isa = XCConfigurationList;
			buildConfigurations = (
				65CEFBCA1D3BF72800402230 /* Debug */,
				65CEFBCB1D3BF72800402230 /* Release */,
			);
			defaultConfigurationIsVisible = 0;
			defaultConfigurationName = Release;
		};
/* End XCConfigurationList section */
	};
	rootObject = 65CEFBAA1D3BF72800402230 /* Project object */;
}
